// !$*UTF8*$!
{
	archiveVersion = 1;
	classes = {
	};
	objectVersion = 56;
	objects = {

/* Begin PBXBuildFile section */
		220020DA296556C4007BB4FC /* InfoMenuTableHandler.swift in Sources */ = {isa = PBXBuildFile; fileRef = 220020D9296556C4007BB4FC /* InfoMenuTableHandler.swift */; };
		220020DC29655A26007BB4FC /* UIView+hasSuperview.swift in Sources */ = {isa = PBXBuildFile; fileRef = 220020DB29655A26007BB4FC /* UIView+hasSuperview.swift */; };
		220020DE29655C3D007BB4FC /* UIView+strechToBounds.swift in Sources */ = {isa = PBXBuildFile; fileRef = 220020DD29655C3D007BB4FC /* UIView+strechToBounds.swift */; };
		220020E029655DE6007BB4FC /* UIImageView+hasImage.swift in Sources */ = {isa = PBXBuildFile; fileRef = 220020DF29655DE6007BB4FC /* UIImageView+hasImage.swift */; };
		220020E2296564EF007BB4FC /* PointInfoTableHandler.swift in Sources */ = {isa = PBXBuildFile; fileRef = 220020E1296564EF007BB4FC /* PointInfoTableHandler.swift */; };
		220020E429656BA5007BB4FC /* HistoricTableHandler.swift in Sources */ = {isa = PBXBuildFile; fileRef = 220020E329656BA5007BB4FC /* HistoricTableHandler.swift */; };
		220020E62965917A007BB4FC /* TimerCell.swift in Sources */ = {isa = PBXBuildFile; fileRef = 220020E52965917A007BB4FC /* TimerCell.swift */; };
		220020E82965F110007BB4FC /* TableCell.swift in Sources */ = {isa = PBXBuildFile; fileRef = 220020E72965F110007BB4FC /* TableCell.swift */; };
		220020EA2965FB7A007BB4FC /* UIView+removeAllSubviews.swift in Sources */ = {isa = PBXBuildFile; fileRef = 220020E92965FB7A007BB4FC /* UIView+removeAllSubviews.swift */; };
		220020EC2966736D007BB4FC /* UITextField+FontInfo.swift in Sources */ = {isa = PBXBuildFile; fileRef = 220020EB2966736C007BB4FC /* UITextField+FontInfo.swift */; };
		220020EE2966896F007BB4FC /* TableData.swift in Sources */ = {isa = PBXBuildFile; fileRef = 220020ED2966896F007BB4FC /* TableData.swift */; };
		220020F12966B90A007BB4FC /* CopyWarning.swift in Sources */ = {isa = PBXBuildFile; fileRef = 220020F02966B90A007BB4FC /* CopyWarning.swift */; };
		220020F42966BA3B007BB4FC /* ViewLabel.swift in Sources */ = {isa = PBXBuildFile; fileRef = 220020F32966BA3B007BB4FC /* ViewLabel.swift */; };
		220020F629676E31007BB4FC /* UIImage+IconInfo.swift in Sources */ = {isa = PBXBuildFile; fileRef = 220020F529676E31007BB4FC /* UIImage+IconInfo.swift */; };
		220020F929677603007BB4FC /* ViewWithTable.swift in Sources */ = {isa = PBXBuildFile; fileRef = 220020F829677603007BB4FC /* ViewWithTable.swift */; };
		220020FB2968233B007BB4FC /* UIDatePicker+getDate.swift in Sources */ = {isa = PBXBuildFile; fileRef = 220020FA2968233B007BB4FC /* UIDatePicker+getDate.swift */; };
		220020FD2968695B007BB4FC /* UIViewController+showWarningPopUp.swift in Sources */ = {isa = PBXBuildFile; fileRef = 220020FC2968695B007BB4FC /* UIViewController+showWarningPopUp.swift */; };
		22002100296BF521007BB4FC /* TextEditController.swift in Sources */ = {isa = PBXBuildFile; fileRef = 220020FF296BF521007BB4FC /* TextEditController.swift */; };
		22002103296BF5FB007BB4FC /* TextEditView.swift in Sources */ = {isa = PBXBuildFile; fileRef = 22002102296BF5FB007BB4FC /* TextEditView.swift */; };
		22002106296BFC02007BB4FC /* CustomTextField.swift in Sources */ = {isa = PBXBuildFile; fileRef = 22002105296BFC02007BB4FC /* CustomTextField.swift */; };
		22002108296C08A4007BB4FC /* TextFieldDelegate.swift in Sources */ = {isa = PBXBuildFile; fileRef = 22002107296C08A4007BB4FC /* TextFieldDelegate.swift */; };
		2200210B296C0D50007BB4FC /* TextEditData.swift in Sources */ = {isa = PBXBuildFile; fileRef = 2200210A296C0D50007BB4FC /* TextEditData.swift */; };
		2200210E296C78AF007BB4FC /* TextEditProtocol.swift in Sources */ = {isa = PBXBuildFile; fileRef = 2200210D296C78AF007BB4FC /* TextEditProtocol.swift */; };
		22002110296C7CAC007BB4FC /* ViewHasTextField.swift in Sources */ = {isa = PBXBuildFile; fileRef = 2200210F296C7CAC007BB4FC /* ViewHasTextField.swift */; };
		22002112296C7EEB007BB4FC /* String+validations.swift in Sources */ = {isa = PBXBuildFile; fileRef = 22002111296C7EEB007BB4FC /* String+validations.swift */; };
		22002114296C7F7D007BB4FC /* ErrorTextEdit.swift in Sources */ = {isa = PBXBuildFile; fileRef = 22002113296C7F7D007BB4FC /* ErrorTextEdit.swift */; };
		22002116296C8B05007BB4FC /* LimitValues.swift in Sources */ = {isa = PBXBuildFile; fileRef = 22002115296C8B05007BB4FC /* LimitValues.swift */; };
		22002119296CC17F007BB4FC /* SettingsProtocol.swift in Sources */ = {isa = PBXBuildFile; fileRef = 22002118296CC17F007BB4FC /* SettingsProtocol.swift */; };
		2200211B296D04F8007BB4FC /* DataEdited.swift in Sources */ = {isa = PBXBuildFile; fileRef = 2200211A296D04F8007BB4FC /* DataEdited.swift */; };
		2200211D296E517D007BB4FC /* AlertHandler.swift in Sources */ = {isa = PBXBuildFile; fileRef = 2200211C296E517D007BB4FC /* AlertHandler.swift */; };
		2200211F296E52BB007BB4FC /* UIViewController+ActionHandler.swift in Sources */ = {isa = PBXBuildFile; fileRef = 2200211E296E52BB007BB4FC /* UIViewController+ActionHandler.swift */; };
		22002124296E5906007BB4FC /* UIImage+LocalImages.swift in Sources */ = {isa = PBXBuildFile; fileRef = 22002123296E5906007BB4FC /* UIImage+LocalImages.swift */; };
		22002127296F55A7007BB4FC /* DocumentsHandler.swift in Sources */ = {isa = PBXBuildFile; fileRef = 22002126296F55A7007BB4FC /* DocumentsHandler.swift */; };
		22002129296F7A85007BB4FC /* PickerType.swift in Sources */ = {isa = PBXBuildFile; fileRef = 22002128296F7A85007BB4FC /* PickerType.swift */; };
		2200212B296F7AA9007BB4FC /* DocumentsHandlerDelegate.swift in Sources */ = {isa = PBXBuildFile; fileRef = 2200212A296F7AA9007BB4FC /* DocumentsHandlerDelegate.swift */; };
		2216895F290795ED00D1B208 /* ErrorWarnings.swift in Sources */ = {isa = PBXBuildFile; fileRef = 2216895E290795ED00D1B208 /* ErrorWarnings.swift */; };
		221689622907A25900D1B208 /* String+subscripts.swift in Sources */ = {isa = PBXBuildFile; fileRef = 221689612907A25900D1B208 /* String+subscripts.swift */; };
		221689642907A3BB00D1B208 /* Date+TimeZone.swift in Sources */ = {isa = PBXBuildFile; fileRef = 221689632907A3BB00D1B208 /* Date+TimeZone.swift */; };
		221A5109295BBC9A009BEEA9 /* TableHandler.swift in Sources */ = {isa = PBXBuildFile; fileRef = 221A5108295BBC99009BEEA9 /* TableHandler.swift */; };
		221A510B295BBC9F009BEEA9 /* ViewCode.swift in Sources */ = {isa = PBXBuildFile; fileRef = 221A510A295BBC9F009BEEA9 /* ViewCode.swift */; };
		221A510D295BBCA5009BEEA9 /* ControllerActions.swift in Sources */ = {isa = PBXBuildFile; fileRef = 221A510C295BBCA5009BEEA9 /* ControllerActions.swift */; };
		221A5112295BBCDA009BEEA9 /* CustomCell.swift in Sources */ = {isa = PBXBuildFile; fileRef = 221A5110295BBCDA009BEEA9 /* CustomCell.swift */; };
		2246BEA52900C3DD001FE2C6 /* PointInfoController.swift in Sources */ = {isa = PBXBuildFile; fileRef = 2246BEA42900C3DD001FE2C6 /* PointInfoController.swift */; };
		2246BEAA2900C83C001FE2C6 /* PointInfoCell.swift in Sources */ = {isa = PBXBuildFile; fileRef = 2246BEA92900C83C001FE2C6 /* PointInfoCell.swift */; };
		2254D4E229056D2B00ED18D5 /* ViewHasTable.swift in Sources */ = {isa = PBXBuildFile; fileRef = 2254D4E129056D2B00ED18D5 /* ViewHasTable.swift */; };
		2254D4E529056D8B00ED18D5 /* MenuControllerProtocol.swift in Sources */ = {isa = PBXBuildFile; fileRef = 2254D4E429056D8B00ED18D5 /* MenuControllerProtocol.swift */; };
		2254D4E82905849900ED18D5 /* PointInfoProtocol.swift in Sources */ = {isa = PBXBuildFile; fileRef = 2254D4E72905849900ED18D5 /* PointInfoProtocol.swift */; };
		2283DCB028FE4F90008EE94F /* AppDelegate.swift in Sources */ = {isa = PBXBuildFile; fileRef = 2283DCAF28FE4F90008EE94F /* AppDelegate.swift */; };
		2283DCB228FE4F90008EE94F /* SceneDelegate.swift in Sources */ = {isa = PBXBuildFile; fileRef = 2283DCB128FE4F90008EE94F /* SceneDelegate.swift */; };
		2283DCBA28FE4F90008EE94F /* mainDataBase.xcdatamodeld in Sources */ = {isa = PBXBuildFile; fileRef = 2283DCB828FE4F90008EE94F /* mainDataBase.xcdatamodeld */; };
		2283DCBC28FE4F92008EE94F /* Assets.xcassets in Resources */ = {isa = PBXBuildFile; fileRef = 2283DCBB28FE4F92008EE94F /* Assets.xcassets */; };
		2283DCBF28FE4F92008EE94F /* LaunchScreen.storyboard in Resources */ = {isa = PBXBuildFile; fileRef = 2283DCBD28FE4F92008EE94F /* LaunchScreen.storyboard */; };
		2283DCD328FE51DB008EE94F /* MainController.swift in Sources */ = {isa = PBXBuildFile; fileRef = 2283DCD228FE51DB008EE94F /* MainController.swift */; };
		2283DCD928FE5297008EE94F /* UIViewController+setupTab.swift in Sources */ = {isa = PBXBuildFile; fileRef = 2283DCD628FE5297008EE94F /* UIViewController+setupTab.swift */; };
		2283DCE228FE52DA008EE94F /* AppIcons.swift in Sources */ = {isa = PBXBuildFile; fileRef = 2283DCDD28FE52DA008EE94F /* AppIcons.swift */; };
		2283DCE328FE52DA008EE94F /* UIImage+AppIcons.swift in Sources */ = {isa = PBXBuildFile; fileRef = 2283DCDE28FE52DA008EE94F /* UIImage+AppIcons.swift */; };
		2283DCE528FE52DA008EE94F /* IconInfo.swift in Sources */ = {isa = PBXBuildFile; fileRef = 2283DCE028FE52DA008EE94F /* IconInfo.swift */; };
		2283DCEE28FE64CD008EE94F /* Dimension.swift in Sources */ = {isa = PBXBuildFile; fileRef = 2283DCE828FE64CC008EE94F /* Dimension.swift */; };
		2283DCEF28FE64CD008EE94F /* ScreenInfo.swift in Sources */ = {isa = PBXBuildFile; fileRef = 2283DCE928FE64CC008EE94F /* ScreenInfo.swift */; };
		2283DCF028FE64CD008EE94F /* Screens.swift in Sources */ = {isa = PBXBuildFile; fileRef = 2283DCEA28FE64CD008EE94F /* Screens.swift */; };
		2283DCF228FE64CD008EE94F /* UIView+AdpativeLayout.swift in Sources */ = {isa = PBXBuildFile; fileRef = 2283DCEC28FE64CD008EE94F /* UIView+AdpativeLayout.swift */; };
		2283DCF328FE64CD008EE94F /* AdaptiveLayout.swift in Sources */ = {isa = PBXBuildFile; fileRef = 2283DCED28FE64CD008EE94F /* AdaptiveLayout.swift */; };
		2283DCFA28FE6563008EE94F /* CustomViews.swift in Sources */ = {isa = PBXBuildFile; fileRef = 2283DCF928FE6563008EE94F /* CustomViews.swift */; };
		2283DD0128FE6597008EE94F /* UILabel+FontInfo.swift in Sources */ = {isa = PBXBuildFile; fileRef = 2283DCFD28FE6596008EE94F /* UILabel+FontInfo.swift */; };
		2283DD0328FE6597008EE94F /* UIFont+setupFont.swift in Sources */ = {isa = PBXBuildFile; fileRef = 2283DCFF28FE6596008EE94F /* UIFont+setupFont.swift */; };
		2283DD0428FE6597008EE94F /* UIButton+FontInfo.swift in Sources */ = {isa = PBXBuildFile; fileRef = 2283DD0028FE6596008EE94F /* UIButton+FontInfo.swift */; };
		2283DD0628FE65A0008EE94F /* FontInfo.swift in Sources */ = {isa = PBXBuildFile; fileRef = 2283DD0528FE65A0008EE94F /* FontInfo.swift */; };
		2283DD0928FE6916008EE94F /* StatusView.swift in Sources */ = {isa = PBXBuildFile; fileRef = 2283DD0828FE6916008EE94F /* StatusView.swift */; };
		2283DD0C28FE6B23008EE94F /* StatusViewStyle.swift in Sources */ = {isa = PBXBuildFile; fileRef = 2283DD0B28FE6B23008EE94F /* StatusViewStyle.swift */; };
		2283DD1228FE6B9F008EE94F /* AppColors.swift in Sources */ = {isa = PBXBuildFile; fileRef = 2283DD0F28FE6B9F008EE94F /* AppColors.swift */; };
		2283DD1328FE6B9F008EE94F /* UIColors+AppColors.swift in Sources */ = {isa = PBXBuildFile; fileRef = 2283DD1028FE6B9F008EE94F /* UIColors+AppColors.swift */; };
		2283DD1F28FE867F008EE94F /* MenuController.swift in Sources */ = {isa = PBXBuildFile; fileRef = 2283DD1E28FE867F008EE94F /* MenuController.swift */; };
		2283DD2228FE86A4008EE94F /* MenuView.swift in Sources */ = {isa = PBXBuildFile; fileRef = 2283DD2128FE86A4008EE94F /* MenuView.swift */; };
		2283DD2E28FF3B5C008EE94F /* ActionType.swift in Sources */ = {isa = PBXBuildFile; fileRef = 2283DD2D28FF3B5C008EE94F /* ActionType.swift */; };
		2283DD3028FF4858008EE94F /* CustomTable.swift in Sources */ = {isa = PBXBuildFile; fileRef = 2283DD2F28FF4858008EE94F /* CustomTable.swift */; };
		2283DD3B28FF7BF5008EE94F /* HistoricController.swift in Sources */ = {isa = PBXBuildFile; fileRef = 2283DD3A28FF7BF5008EE94F /* HistoricController.swift */; };
		2283DD4028FF7D5C008EE94F /* HistoricCell.swift in Sources */ = {isa = PBXBuildFile; fileRef = 2283DD3F28FF7D5C008EE94F /* HistoricCell.swift */; };
		2283DD4428FF9086008EE94F /* CustomStack.swift in Sources */ = {isa = PBXBuildFile; fileRef = 2283DD4328FF9086008EE94F /* CustomStack.swift */; };
		2283DD5328FFB7F0008EE94F /* Localizable.strings in Resources */ = {isa = PBXBuildFile; fileRef = 2283DD5228FFB7EF008EE94F /* Localizable.strings */; };
		2283DD5528FFB824008EE94F /* String+Localized.swift in Sources */ = {isa = PBXBuildFile; fileRef = 2283DD5428FFB824008EE94F /* String+Localized.swift */; };
		2283DD5928FFBE44008EE94F /* SettingsController.swift in Sources */ = {isa = PBXBuildFile; fileRef = 2283DD5828FFBE44008EE94F /* SettingsController.swift */; };
		2283DD6228FFBEE0008EE94F /* SettingsTableHandler.swift in Sources */ = {isa = PBXBuildFile; fileRef = 2283DD6128FFBEE0008EE94F /* SettingsTableHandler.swift */; };
		22EE792D29010F9A006E3085 /* DBDayWork.swift in Sources */ = {isa = PBXBuildFile; fileRef = 22EE792829010F99006E3085 /* DBDayWork.swift */; };
		22EE792E29010F9A006E3085 /* DBFiles.swift in Sources */ = {isa = PBXBuildFile; fileRef = 22EE792929010F9A006E3085 /* DBFiles.swift */; };
		22EE792F29010F9A006E3085 /* DBSettings.swift in Sources */ = {isa = PBXBuildFile; fileRef = 22EE792A29010F9A006E3085 /* DBSettings.swift */; };
		22EE793029010F9A006E3085 /* DBPointType.swift in Sources */ = {isa = PBXBuildFile; fileRef = 22EE792B29010F9A006E3085 /* DBPointType.swift */; };
		22EE793129010F9A006E3085 /* DBPoint.swift in Sources */ = {isa = PBXBuildFile; fileRef = 22EE792C29010F9A006E3085 /* DBPoint.swift */; };
		22EE7935290110CB006E3085 /* ManagedSettings.swift in Sources */ = {isa = PBXBuildFile; fileRef = 22EE7934290110CB006E3085 /* ManagedSettings.swift */; };
		22EE793729011174006E3085 /* ManagedDayWork.swift in Sources */ = {isa = PBXBuildFile; fileRef = 22EE793629011174006E3085 /* ManagedDayWork.swift */; };
		22EE793929011223006E3085 /* ManagedPoint.swift in Sources */ = {isa = PBXBuildFile; fileRef = 22EE793829011223006E3085 /* ManagedPoint.swift */; };
		22EE793B2901129E006E3085 /* ManagedPointType.swift in Sources */ = {isa = PBXBuildFile; fileRef = 22EE793A2901129E006E3085 /* ManagedPointType.swift */; };
		22EE793D2901131B006E3085 /* ManagedFiles.swift in Sources */ = {isa = PBXBuildFile; fileRef = 22EE793C2901131B006E3085 /* ManagedFiles.swift */; };
		22EE794029011390006E3085 /* CoreDataProperties.swift in Sources */ = {isa = PBXBuildFile; fileRef = 22EE793F29011390006E3085 /* CoreDataProperties.swift */; };
		22EE7943290113BF006E3085 /* ErrorCDHandler.swift in Sources */ = {isa = PBXBuildFile; fileRef = 22EE7942290113BF006E3085 /* ErrorCDHandler.swift */; };
		22EE794529011434006E3085 /* CDManager.swift in Sources */ = {isa = PBXBuildFile; fileRef = 22EE794429011434006E3085 /* CDManager.swift */; };
		22EE794829011533006E3085 /* SettingsCDManager.swift in Sources */ = {isa = PBXBuildFile; fileRef = 22EE794729011533006E3085 /* SettingsCDManager.swift */; };
		22EE794F29022722006E3085 /* DayWorkCDManager.swift in Sources */ = {isa = PBXBuildFile; fileRef = 22EE794E29022722006E3085 /* DayWorkCDManager.swift */; };
		22EE795129024CB8006E3085 /* FilesCDManager.swift in Sources */ = {isa = PBXBuildFile; fileRef = 22EE795029024CB8006E3085 /* FilesCDManager.swift */; };
		22EE795329024CE2006E3085 /* PointTypeCDManager.swift in Sources */ = {isa = PBXBuildFile; fileRef = 22EE795229024CE2006E3085 /* PointTypeCDManager.swift */; };
		22EE795529024D1B006E3085 /* PointCDManager.swift in Sources */ = {isa = PBXBuildFile; fileRef = 22EE795429024D1B006E3085 /* PointCDManager.swift */; };
		22EE7958290255EC006E3085 /* TableIcon.swift in Sources */ = {isa = PBXBuildFile; fileRef = 22EE7957290255EC006E3085 /* TableIcon.swift */; };
		22EE796029041146006E3085 /* CustomButton.swift in Sources */ = {isa = PBXBuildFile; fileRef = 22EE795F29041146006E3085 /* CustomButton.swift */; };
		22EE796229046590006E3085 /* SettingsData.swift in Sources */ = {isa = PBXBuildFile; fileRef = 22EE796129046590006E3085 /* SettingsData.swift */; };
		22EE79652904A7E7006E3085 /* DateManager.swift in Sources */ = {isa = PBXBuildFile; fileRef = 22EE79642904A7E7006E3085 /* DateManager.swift */; };
		22EE79672904A82D006E3085 /* ActionSetup.swift in Sources */ = {isa = PBXBuildFile; fileRef = 22EE79662904A82D006E3085 /* ActionSetup.swift */; };
		22EE796A2904AA3D006E3085 /* DateFormatTypes.swift in Sources */ = {isa = PBXBuildFile; fileRef = 22EE79692904AA3D006E3085 /* DateFormatTypes.swift */; };
		22EE796C2904AA7D006E3085 /* Date+DateFormatTypes.swift in Sources */ = {isa = PBXBuildFile; fileRef = 22EE796B2904AA7D006E3085 /* Date+DateFormatTypes.swift */; };
/* End PBXBuildFile section */

/* Begin PBXFileReference section */
		220020D9296556C4007BB4FC /* InfoMenuTableHandler.swift */ = {isa = PBXFileReference; lastKnownFileType = sourcecode.swift; path = InfoMenuTableHandler.swift; sourceTree = "<group>"; };
		220020DB29655A26007BB4FC /* UIView+hasSuperview.swift */ = {isa = PBXFileReference; lastKnownFileType = sourcecode.swift; path = "UIView+hasSuperview.swift"; sourceTree = "<group>"; };
		220020DD29655C3D007BB4FC /* UIView+strechToBounds.swift */ = {isa = PBXFileReference; lastKnownFileType = sourcecode.swift; path = "UIView+strechToBounds.swift"; sourceTree = "<group>"; };
		220020DF29655DE6007BB4FC /* UIImageView+hasImage.swift */ = {isa = PBXFileReference; lastKnownFileType = sourcecode.swift; path = "UIImageView+hasImage.swift"; sourceTree = "<group>"; };
		220020E1296564EF007BB4FC /* PointInfoTableHandler.swift */ = {isa = PBXFileReference; lastKnownFileType = sourcecode.swift; path = PointInfoTableHandler.swift; sourceTree = "<group>"; };
		220020E329656BA5007BB4FC /* HistoricTableHandler.swift */ = {isa = PBXFileReference; lastKnownFileType = sourcecode.swift; path = HistoricTableHandler.swift; sourceTree = "<group>"; };
		220020E52965917A007BB4FC /* TimerCell.swift */ = {isa = PBXFileReference; lastKnownFileType = sourcecode.swift; path = TimerCell.swift; sourceTree = "<group>"; };
		220020E72965F110007BB4FC /* TableCell.swift */ = {isa = PBXFileReference; lastKnownFileType = sourcecode.swift; path = TableCell.swift; sourceTree = "<group>"; };
		220020E92965FB7A007BB4FC /* UIView+removeAllSubviews.swift */ = {isa = PBXFileReference; lastKnownFileType = sourcecode.swift; path = "UIView+removeAllSubviews.swift"; sourceTree = "<group>"; };
		220020EB2966736C007BB4FC /* UITextField+FontInfo.swift */ = {isa = PBXFileReference; lastKnownFileType = sourcecode.swift; path = "UITextField+FontInfo.swift"; sourceTree = "<group>"; };
		220020ED2966896F007BB4FC /* TableData.swift */ = {isa = PBXFileReference; lastKnownFileType = sourcecode.swift; path = TableData.swift; sourceTree = "<group>"; };
		220020F02966B90A007BB4FC /* CopyWarning.swift */ = {isa = PBXFileReference; lastKnownFileType = sourcecode.swift; path = CopyWarning.swift; sourceTree = "<group>"; };
		220020F32966BA3B007BB4FC /* ViewLabel.swift */ = {isa = PBXFileReference; lastKnownFileType = sourcecode.swift; path = ViewLabel.swift; sourceTree = "<group>"; };
		220020F529676E31007BB4FC /* UIImage+IconInfo.swift */ = {isa = PBXFileReference; lastKnownFileType = sourcecode.swift; path = "UIImage+IconInfo.swift"; sourceTree = "<group>"; };
		220020F829677603007BB4FC /* ViewWithTable.swift */ = {isa = PBXFileReference; lastKnownFileType = sourcecode.swift; path = ViewWithTable.swift; sourceTree = "<group>"; };
		220020FA2968233B007BB4FC /* UIDatePicker+getDate.swift */ = {isa = PBXFileReference; lastKnownFileType = sourcecode.swift; path = "UIDatePicker+getDate.swift"; sourceTree = "<group>"; };
		220020FC2968695B007BB4FC /* UIViewController+showWarningPopUp.swift */ = {isa = PBXFileReference; lastKnownFileType = sourcecode.swift; path = "UIViewController+showWarningPopUp.swift"; sourceTree = "<group>"; };
		220020FF296BF521007BB4FC /* TextEditController.swift */ = {isa = PBXFileReference; lastKnownFileType = sourcecode.swift; path = TextEditController.swift; sourceTree = "<group>"; };
		22002102296BF5FB007BB4FC /* TextEditView.swift */ = {isa = PBXFileReference; lastKnownFileType = sourcecode.swift; path = TextEditView.swift; sourceTree = "<group>"; };
		22002105296BFC02007BB4FC /* CustomTextField.swift */ = {isa = PBXFileReference; lastKnownFileType = sourcecode.swift; path = CustomTextField.swift; sourceTree = "<group>"; };
		22002107296C08A4007BB4FC /* TextFieldDelegate.swift */ = {isa = PBXFileReference; lastKnownFileType = sourcecode.swift; path = TextFieldDelegate.swift; sourceTree = "<group>"; };
		2200210A296C0D50007BB4FC /* TextEditData.swift */ = {isa = PBXFileReference; lastKnownFileType = sourcecode.swift; path = TextEditData.swift; sourceTree = "<group>"; };
		2200210D296C78AF007BB4FC /* TextEditProtocol.swift */ = {isa = PBXFileReference; lastKnownFileType = sourcecode.swift; path = TextEditProtocol.swift; sourceTree = "<group>"; };
		2200210F296C7CAC007BB4FC /* ViewHasTextField.swift */ = {isa = PBXFileReference; lastKnownFileType = sourcecode.swift; path = ViewHasTextField.swift; sourceTree = "<group>"; };
		22002111296C7EEB007BB4FC /* String+validations.swift */ = {isa = PBXFileReference; lastKnownFileType = sourcecode.swift; path = "String+validations.swift"; sourceTree = "<group>"; };
		22002113296C7F7D007BB4FC /* ErrorTextEdit.swift */ = {isa = PBXFileReference; lastKnownFileType = sourcecode.swift; path = ErrorTextEdit.swift; sourceTree = "<group>"; };
		22002115296C8B05007BB4FC /* LimitValues.swift */ = {isa = PBXFileReference; lastKnownFileType = sourcecode.swift; path = LimitValues.swift; sourceTree = "<group>"; };
		22002118296CC17F007BB4FC /* SettingsProtocol.swift */ = {isa = PBXFileReference; lastKnownFileType = sourcecode.swift; path = SettingsProtocol.swift; sourceTree = "<group>"; };
		2200211A296D04F8007BB4FC /* DataEdited.swift */ = {isa = PBXFileReference; lastKnownFileType = sourcecode.swift; path = DataEdited.swift; sourceTree = "<group>"; };
		2200211C296E517D007BB4FC /* AlertHandler.swift */ = {isa = PBXFileReference; lastKnownFileType = sourcecode.swift; path = AlertHandler.swift; sourceTree = "<group>"; };
		2200211E296E52BB007BB4FC /* UIViewController+ActionHandler.swift */ = {isa = PBXFileReference; lastKnownFileType = sourcecode.swift; path = "UIViewController+ActionHandler.swift"; sourceTree = "<group>"; };
		22002123296E5906007BB4FC /* UIImage+LocalImages.swift */ = {isa = PBXFileReference; lastKnownFileType = sourcecode.swift; path = "UIImage+LocalImages.swift"; sourceTree = "<group>"; };
		22002126296F55A7007BB4FC /* DocumentsHandler.swift */ = {isa = PBXFileReference; lastKnownFileType = sourcecode.swift; path = DocumentsHandler.swift; sourceTree = "<group>"; };
		22002128296F7A85007BB4FC /* PickerType.swift */ = {isa = PBXFileReference; lastKnownFileType = sourcecode.swift; path = PickerType.swift; sourceTree = "<group>"; };
		2200212A296F7AA9007BB4FC /* DocumentsHandlerDelegate.swift */ = {isa = PBXFileReference; lastKnownFileType = sourcecode.swift; path = DocumentsHandlerDelegate.swift; sourceTree = "<group>"; };
		2216895E290795ED00D1B208 /* ErrorWarnings.swift */ = {isa = PBXFileReference; lastKnownFileType = sourcecode.swift; path = ErrorWarnings.swift; sourceTree = "<group>"; };
		221689612907A25900D1B208 /* String+subscripts.swift */ = {isa = PBXFileReference; lastKnownFileType = sourcecode.swift; path = "String+subscripts.swift"; sourceTree = "<group>"; };
		221689632907A3BB00D1B208 /* Date+TimeZone.swift */ = {isa = PBXFileReference; lastKnownFileType = sourcecode.swift; path = "Date+TimeZone.swift"; sourceTree = "<group>"; };
		221A5108295BBC99009BEEA9 /* TableHandler.swift */ = {isa = PBXFileReference; fileEncoding = 4; lastKnownFileType = sourcecode.swift; path = TableHandler.swift; sourceTree = "<group>"; };
		221A510A295BBC9F009BEEA9 /* ViewCode.swift */ = {isa = PBXFileReference; fileEncoding = 4; lastKnownFileType = sourcecode.swift; path = ViewCode.swift; sourceTree = "<group>"; };
		221A510C295BBCA5009BEEA9 /* ControllerActions.swift */ = {isa = PBXFileReference; fileEncoding = 4; lastKnownFileType = sourcecode.swift; path = ControllerActions.swift; sourceTree = "<group>"; };
		221A5110295BBCDA009BEEA9 /* CustomCell.swift */ = {isa = PBXFileReference; fileEncoding = 4; lastKnownFileType = sourcecode.swift; path = CustomCell.swift; sourceTree = "<group>"; };
		2246BEA42900C3DD001FE2C6 /* PointInfoController.swift */ = {isa = PBXFileReference; lastKnownFileType = sourcecode.swift; path = PointInfoController.swift; sourceTree = "<group>"; };
		2246BEA92900C83C001FE2C6 /* PointInfoCell.swift */ = {isa = PBXFileReference; lastKnownFileType = sourcecode.swift; path = PointInfoCell.swift; sourceTree = "<group>"; };
		2254D4E129056D2B00ED18D5 /* ViewHasTable.swift */ = {isa = PBXFileReference; lastKnownFileType = sourcecode.swift; path = ViewHasTable.swift; sourceTree = "<group>"; };
		2254D4E429056D8B00ED18D5 /* MenuControllerProtocol.swift */ = {isa = PBXFileReference; lastKnownFileType = sourcecode.swift; path = MenuControllerProtocol.swift; sourceTree = "<group>"; };
		2254D4E72905849900ED18D5 /* PointInfoProtocol.swift */ = {isa = PBXFileReference; lastKnownFileType = sourcecode.swift; path = PointInfoProtocol.swift; sourceTree = "<group>"; };
		2283DCAC28FE4F90008EE94F /* Ponto In Time.app */ = {isa = PBXFileReference; explicitFileType = wrapper.application; includeInIndex = 0; path = "Ponto In Time.app"; sourceTree = BUILT_PRODUCTS_DIR; };
		2283DCAF28FE4F90008EE94F /* AppDelegate.swift */ = {isa = PBXFileReference; lastKnownFileType = sourcecode.swift; path = AppDelegate.swift; sourceTree = "<group>"; };
		2283DCB128FE4F90008EE94F /* SceneDelegate.swift */ = {isa = PBXFileReference; lastKnownFileType = sourcecode.swift; path = SceneDelegate.swift; sourceTree = "<group>"; };
		2283DCB928FE4F90008EE94F /* Ponto_In_Time.xcdatamodel */ = {isa = PBXFileReference; lastKnownFileType = wrapper.xcdatamodel; path = Ponto_In_Time.xcdatamodel; sourceTree = "<group>"; };
		2283DCBB28FE4F92008EE94F /* Assets.xcassets */ = {isa = PBXFileReference; lastKnownFileType = folder.assetcatalog; path = Assets.xcassets; sourceTree = "<group>"; };
		2283DCBE28FE4F92008EE94F /* Base */ = {isa = PBXFileReference; lastKnownFileType = file.storyboard; name = Base; path = Base.lproj/LaunchScreen.storyboard; sourceTree = "<group>"; };
		2283DCC028FE4F92008EE94F /* Info.plist */ = {isa = PBXFileReference; lastKnownFileType = text.plist.xml; path = Info.plist; sourceTree = "<group>"; };
		2283DCD228FE51DB008EE94F /* MainController.swift */ = {isa = PBXFileReference; lastKnownFileType = sourcecode.swift; path = MainController.swift; sourceTree = "<group>"; };
		2283DCD628FE5297008EE94F /* UIViewController+setupTab.swift */ = {isa = PBXFileReference; fileEncoding = 4; lastKnownFileType = sourcecode.swift; path = "UIViewController+setupTab.swift"; sourceTree = "<group>"; };
		2283DCDD28FE52DA008EE94F /* AppIcons.swift */ = {isa = PBXFileReference; fileEncoding = 4; lastKnownFileType = sourcecode.swift; path = AppIcons.swift; sourceTree = "<group>"; };
		2283DCDE28FE52DA008EE94F /* UIImage+AppIcons.swift */ = {isa = PBXFileReference; fileEncoding = 4; lastKnownFileType = sourcecode.swift; path = "UIImage+AppIcons.swift"; sourceTree = "<group>"; };
		2283DCE028FE52DA008EE94F /* IconInfo.swift */ = {isa = PBXFileReference; fileEncoding = 4; lastKnownFileType = sourcecode.swift; path = IconInfo.swift; sourceTree = "<group>"; };
		2283DCE828FE64CC008EE94F /* Dimension.swift */ = {isa = PBXFileReference; fileEncoding = 4; lastKnownFileType = sourcecode.swift; path = Dimension.swift; sourceTree = "<group>"; };
		2283DCE928FE64CC008EE94F /* ScreenInfo.swift */ = {isa = PBXFileReference; fileEncoding = 4; lastKnownFileType = sourcecode.swift; path = ScreenInfo.swift; sourceTree = "<group>"; };
		2283DCEA28FE64CD008EE94F /* Screens.swift */ = {isa = PBXFileReference; fileEncoding = 4; lastKnownFileType = sourcecode.swift; path = Screens.swift; sourceTree = "<group>"; };
		2283DCEC28FE64CD008EE94F /* UIView+AdpativeLayout.swift */ = {isa = PBXFileReference; fileEncoding = 4; lastKnownFileType = sourcecode.swift; path = "UIView+AdpativeLayout.swift"; sourceTree = "<group>"; };
		2283DCED28FE64CD008EE94F /* AdaptiveLayout.swift */ = {isa = PBXFileReference; fileEncoding = 4; lastKnownFileType = sourcecode.swift; path = AdaptiveLayout.swift; sourceTree = "<group>"; };
		2283DCF928FE6563008EE94F /* CustomViews.swift */ = {isa = PBXFileReference; fileEncoding = 4; lastKnownFileType = sourcecode.swift; path = CustomViews.swift; sourceTree = "<group>"; };
		2283DCFD28FE6596008EE94F /* UILabel+FontInfo.swift */ = {isa = PBXFileReference; fileEncoding = 4; lastKnownFileType = sourcecode.swift; path = "UILabel+FontInfo.swift"; sourceTree = "<group>"; };
		2283DCFF28FE6596008EE94F /* UIFont+setupFont.swift */ = {isa = PBXFileReference; fileEncoding = 4; lastKnownFileType = sourcecode.swift; path = "UIFont+setupFont.swift"; sourceTree = "<group>"; };
		2283DD0028FE6596008EE94F /* UIButton+FontInfo.swift */ = {isa = PBXFileReference; fileEncoding = 4; lastKnownFileType = sourcecode.swift; path = "UIButton+FontInfo.swift"; sourceTree = "<group>"; };
		2283DD0528FE65A0008EE94F /* FontInfo.swift */ = {isa = PBXFileReference; fileEncoding = 4; lastKnownFileType = sourcecode.swift; path = FontInfo.swift; sourceTree = "<group>"; };
		2283DD0828FE6916008EE94F /* StatusView.swift */ = {isa = PBXFileReference; lastKnownFileType = sourcecode.swift; path = StatusView.swift; sourceTree = "<group>"; };
		2283DD0B28FE6B23008EE94F /* StatusViewStyle.swift */ = {isa = PBXFileReference; lastKnownFileType = sourcecode.swift; path = StatusViewStyle.swift; sourceTree = "<group>"; };
		2283DD0F28FE6B9F008EE94F /* AppColors.swift */ = {isa = PBXFileReference; fileEncoding = 4; lastKnownFileType = sourcecode.swift; path = AppColors.swift; sourceTree = "<group>"; };
		2283DD1028FE6B9F008EE94F /* UIColors+AppColors.swift */ = {isa = PBXFileReference; fileEncoding = 4; lastKnownFileType = sourcecode.swift; path = "UIColors+AppColors.swift"; sourceTree = "<group>"; };
		2283DD1E28FE867F008EE94F /* MenuController.swift */ = {isa = PBXFileReference; lastKnownFileType = sourcecode.swift; path = MenuController.swift; sourceTree = "<group>"; };
		2283DD2128FE86A4008EE94F /* MenuView.swift */ = {isa = PBXFileReference; lastKnownFileType = sourcecode.swift; path = MenuView.swift; sourceTree = "<group>"; };
		2283DD2D28FF3B5C008EE94F /* ActionType.swift */ = {isa = PBXFileReference; lastKnownFileType = sourcecode.swift; path = ActionType.swift; sourceTree = "<group>"; };
		2283DD2F28FF4858008EE94F /* CustomTable.swift */ = {isa = PBXFileReference; lastKnownFileType = sourcecode.swift; path = CustomTable.swift; sourceTree = "<group>"; };
		2283DD3A28FF7BF5008EE94F /* HistoricController.swift */ = {isa = PBXFileReference; lastKnownFileType = sourcecode.swift; path = HistoricController.swift; sourceTree = "<group>"; };
		2283DD3F28FF7D5C008EE94F /* HistoricCell.swift */ = {isa = PBXFileReference; lastKnownFileType = sourcecode.swift; path = HistoricCell.swift; sourceTree = "<group>"; };
		2283DD4328FF9086008EE94F /* CustomStack.swift */ = {isa = PBXFileReference; lastKnownFileType = sourcecode.swift; path = CustomStack.swift; sourceTree = "<group>"; };
		2283DD5228FFB7EF008EE94F /* Localizable.strings */ = {isa = PBXFileReference; lastKnownFileType = text.plist.strings; path = Localizable.strings; sourceTree = "<group>"; };
		2283DD5428FFB824008EE94F /* String+Localized.swift */ = {isa = PBXFileReference; lastKnownFileType = sourcecode.swift; path = "String+Localized.swift"; sourceTree = "<group>"; };
		2283DD5828FFBE44008EE94F /* SettingsController.swift */ = {isa = PBXFileReference; lastKnownFileType = sourcecode.swift; path = SettingsController.swift; sourceTree = "<group>"; };
		2283DD6128FFBEE0008EE94F /* SettingsTableHandler.swift */ = {isa = PBXFileReference; lastKnownFileType = sourcecode.swift; path = SettingsTableHandler.swift; sourceTree = "<group>"; };
		22EE792829010F99006E3085 /* DBDayWork.swift */ = {isa = PBXFileReference; fileEncoding = 4; lastKnownFileType = sourcecode.swift; path = DBDayWork.swift; sourceTree = "<group>"; };
		22EE792929010F9A006E3085 /* DBFiles.swift */ = {isa = PBXFileReference; fileEncoding = 4; lastKnownFileType = sourcecode.swift; path = DBFiles.swift; sourceTree = "<group>"; };
		22EE792A29010F9A006E3085 /* DBSettings.swift */ = {isa = PBXFileReference; fileEncoding = 4; lastKnownFileType = sourcecode.swift; path = DBSettings.swift; sourceTree = "<group>"; };
		22EE792B29010F9A006E3085 /* DBPointType.swift */ = {isa = PBXFileReference; fileEncoding = 4; lastKnownFileType = sourcecode.swift; path = DBPointType.swift; sourceTree = "<group>"; };
		22EE792C29010F9A006E3085 /* DBPoint.swift */ = {isa = PBXFileReference; fileEncoding = 4; lastKnownFileType = sourcecode.swift; path = DBPoint.swift; sourceTree = "<group>"; };
		22EE7934290110CB006E3085 /* ManagedSettings.swift */ = {isa = PBXFileReference; lastKnownFileType = sourcecode.swift; path = ManagedSettings.swift; sourceTree = "<group>"; };
		22EE793629011174006E3085 /* ManagedDayWork.swift */ = {isa = PBXFileReference; lastKnownFileType = sourcecode.swift; path = ManagedDayWork.swift; sourceTree = "<group>"; };
		22EE793829011223006E3085 /* ManagedPoint.swift */ = {isa = PBXFileReference; lastKnownFileType = sourcecode.swift; path = ManagedPoint.swift; sourceTree = "<group>"; };
		22EE793A2901129E006E3085 /* ManagedPointType.swift */ = {isa = PBXFileReference; lastKnownFileType = sourcecode.swift; path = ManagedPointType.swift; sourceTree = "<group>"; };
		22EE793C2901131B006E3085 /* ManagedFiles.swift */ = {isa = PBXFileReference; lastKnownFileType = sourcecode.swift; path = ManagedFiles.swift; sourceTree = "<group>"; };
		22EE793F29011390006E3085 /* CoreDataProperties.swift */ = {isa = PBXFileReference; lastKnownFileType = sourcecode.swift; path = CoreDataProperties.swift; sourceTree = "<group>"; };
		22EE7942290113BF006E3085 /* ErrorCDHandler.swift */ = {isa = PBXFileReference; fileEncoding = 4; lastKnownFileType = sourcecode.swift; path = ErrorCDHandler.swift; sourceTree = "<group>"; };
		22EE794429011434006E3085 /* CDManager.swift */ = {isa = PBXFileReference; fileEncoding = 4; lastKnownFileType = sourcecode.swift; path = CDManager.swift; sourceTree = "<group>"; };
		22EE794729011533006E3085 /* SettingsCDManager.swift */ = {isa = PBXFileReference; lastKnownFileType = sourcecode.swift; path = SettingsCDManager.swift; sourceTree = "<group>"; };
		22EE794E29022722006E3085 /* DayWorkCDManager.swift */ = {isa = PBXFileReference; lastKnownFileType = sourcecode.swift; path = DayWorkCDManager.swift; sourceTree = "<group>"; };
		22EE795029024CB8006E3085 /* FilesCDManager.swift */ = {isa = PBXFileReference; lastKnownFileType = sourcecode.swift; path = FilesCDManager.swift; sourceTree = "<group>"; };
		22EE795229024CE2006E3085 /* PointTypeCDManager.swift */ = {isa = PBXFileReference; lastKnownFileType = sourcecode.swift; path = PointTypeCDManager.swift; sourceTree = "<group>"; };
		22EE795429024D1B006E3085 /* PointCDManager.swift */ = {isa = PBXFileReference; lastKnownFileType = sourcecode.swift; path = PointCDManager.swift; sourceTree = "<group>"; };
		22EE7957290255EC006E3085 /* TableIcon.swift */ = {isa = PBXFileReference; lastKnownFileType = sourcecode.swift; path = TableIcon.swift; sourceTree = "<group>"; };
		22EE795F29041146006E3085 /* CustomButton.swift */ = {isa = PBXFileReference; lastKnownFileType = sourcecode.swift; path = CustomButton.swift; sourceTree = "<group>"; };
		22EE796129046590006E3085 /* SettingsData.swift */ = {isa = PBXFileReference; lastKnownFileType = sourcecode.swift; path = SettingsData.swift; sourceTree = "<group>"; };
		22EE79642904A7E7006E3085 /* DateManager.swift */ = {isa = PBXFileReference; lastKnownFileType = sourcecode.swift; path = DateManager.swift; sourceTree = "<group>"; };
		22EE79662904A82D006E3085 /* ActionSetup.swift */ = {isa = PBXFileReference; lastKnownFileType = sourcecode.swift; path = ActionSetup.swift; sourceTree = "<group>"; };
		22EE79692904AA3D006E3085 /* DateFormatTypes.swift */ = {isa = PBXFileReference; lastKnownFileType = sourcecode.swift; path = DateFormatTypes.swift; sourceTree = "<group>"; };
		22EE796B2904AA7D006E3085 /* Date+DateFormatTypes.swift */ = {isa = PBXFileReference; lastKnownFileType = sourcecode.swift; path = "Date+DateFormatTypes.swift"; sourceTree = "<group>"; };
/* End PBXFileReference section */

/* Begin PBXFrameworksBuildPhase section */
		2283DCA928FE4F90008EE94F /* Frameworks */ = {
			isa = PBXFrameworksBuildPhase;
			buildActionMask = 2147483647;
			files = (
			);
			runOnlyForDeploymentPostprocessing = 0;
		};
/* End PBXFrameworksBuildPhase section */

/* Begin PBXGroup section */
		220020D8296556B8007BB4FC /* Handler */ = {
			isa = PBXGroup;
			children = (
				220020D9296556C4007BB4FC /* InfoMenuTableHandler.swift */,
			);
			path = Handler;
			sourceTree = "<group>";
		};
		220020EF2966B8EB007BB4FC /* Copy Warning */ = {
			isa = PBXGroup;
			children = (
				220020F02966B90A007BB4FC /* CopyWarning.swift */,
			);
			path = "Copy Warning";
			sourceTree = "<group>";
		};
		220020F22966BA27007BB4FC /* ViewLabel */ = {
			isa = PBXGroup;
			children = (
				220020F32966BA3B007BB4FC /* ViewLabel.swift */,
			);
			path = ViewLabel;
			sourceTree = "<group>";
		};
		220020F7296775EF007BB4FC /* ViewWithTable */ = {
			isa = PBXGroup;
			children = (
				220020F829677603007BB4FC /* ViewWithTable.swift */,
			);
			path = ViewWithTable;
			sourceTree = "<group>";
		};
		220020FE296BF502007BB4FC /* TextEdit */ = {
			isa = PBXGroup;
			children = (
				2200210C296C78A0007BB4FC /* Protocol */,
				22002109296C0D45007BB4FC /* Model */,
				22002101296BF5C8007BB4FC /* View */,
				220020FF296BF521007BB4FC /* TextEditController.swift */,
			);
			path = TextEdit;
			sourceTree = "<group>";
		};
		22002101296BF5C8007BB4FC /* View */ = {
			isa = PBXGroup;
			children = (
				22002102296BF5FB007BB4FC /* TextEditView.swift */,
			);
			path = View;
			sourceTree = "<group>";
		};
		22002104296BFBCE007BB4FC /* CustomTextField */ = {
			isa = PBXGroup;
			children = (
				22002105296BFC02007BB4FC /* CustomTextField.swift */,
			);
			path = CustomTextField;
			sourceTree = "<group>";
		};
		22002109296C0D45007BB4FC /* Model */ = {
			isa = PBXGroup;
			children = (
				2200211A296D04F8007BB4FC /* DataEdited.swift */,
				2200210A296C0D50007BB4FC /* TextEditData.swift */,
			);
			path = Model;
			sourceTree = "<group>";
		};
		2200210C296C78A0007BB4FC /* Protocol */ = {
			isa = PBXGroup;
			children = (
				2200210D296C78AF007BB4FC /* TextEditProtocol.swift */,
			);
			path = Protocol;
			sourceTree = "<group>";
		};
		22002117296CC173007BB4FC /* Protocol */ = {
			isa = PBXGroup;
			children = (
				22002118296CC17F007BB4FC /* SettingsProtocol.swift */,
			);
			path = Protocol;
			sourceTree = "<group>";
		};
		22002120296E5353007BB4FC /* String */ = {
			isa = PBXGroup;
			children = (
				22002111296C7EEB007BB4FC /* String+validations.swift */,
				221689612907A25900D1B208 /* String+subscripts.swift */,
			);
			path = String;
			sourceTree = "<group>";
		};
		22002121296E535B007BB4FC /* UIView */ = {
			isa = PBXGroup;
			children = (
				220020DB29655A26007BB4FC /* UIView+hasSuperview.swift */,
				220020E92965FB7A007BB4FC /* UIView+removeAllSubviews.swift */,
				220020DD29655C3D007BB4FC /* UIView+strechToBounds.swift */,
			);
			path = UIView;
			sourceTree = "<group>";
		};
		22002122296E5369007BB4FC /* UIViewController */ = {
			isa = PBXGroup;
			children = (
				2283DCD628FE5297008EE94F /* UIViewController+setupTab.swift */,
				220020FC2968695B007BB4FC /* UIViewController+showWarningPopUp.swift */,
				2200211E296E52BB007BB4FC /* UIViewController+ActionHandler.swift */,
			);
			path = UIViewController;
			sourceTree = "<group>";
		};
		22002125296F5589007BB4FC /* DocumentsHandler */ = {
			isa = PBXGroup;
			children = (
				2200212C296F7ADD007BB4FC /* Model */,
				22002126296F55A7007BB4FC /* DocumentsHandler.swift */,
				2200212A296F7AA9007BB4FC /* DocumentsHandlerDelegate.swift */,
			);
			path = DocumentsHandler;
			sourceTree = "<group>";
		};
		2200212C296F7ADD007BB4FC /* Model */ = {
			isa = PBXGroup;
			children = (
				22002128296F7A85007BB4FC /* PickerType.swift */,
			);
			path = Model;
			sourceTree = "<group>";
		};
		2216895D290795D200D1B208 /* Protocol */ = {
			isa = PBXGroup;
			children = (
				2216895E290795ED00D1B208 /* ErrorWarnings.swift */,
			);
			path = Protocol;
			sourceTree = "<group>";
		};
		22168960290796D000D1B208 /* Managed */ = {
			isa = PBXGroup;
			children = (
				22EE7934290110CB006E3085 /* ManagedSettings.swift */,
				22EE793629011174006E3085 /* ManagedDayWork.swift */,
				22EE793829011223006E3085 /* ManagedPoint.swift */,
				22EE793A2901129E006E3085 /* ManagedPointType.swift */,
				22EE793C2901131B006E3085 /* ManagedFiles.swift */,
			);
			path = Managed;
			sourceTree = "<group>";
		};
		221A5107295BBC86009BEEA9 /* Protocols */ = {
			isa = PBXGroup;
			children = (
				221A5113295BBCDC009BEEA9 /* Table */,
				221A510C295BBCA5009BEEA9 /* ControllerActions.swift */,
				221A510A295BBC9F009BEEA9 /* ViewCode.swift */,
				221A5110295BBCDA009BEEA9 /* CustomCell.swift */,
				2200210F296C7CAC007BB4FC /* ViewHasTextField.swift */,
				2200211C296E517D007BB4FC /* AlertHandler.swift */,
			);
			path = Protocols;
			sourceTree = "<group>";
		};
		221A5113295BBCDC009BEEA9 /* Table */ = {
			isa = PBXGroup;
			children = (
				2254D4E129056D2B00ED18D5 /* ViewHasTable.swift */,
				221A5108295BBC99009BEEA9 /* TableHandler.swift */,
			);
			path = Table;
			sourceTree = "<group>";
		};
		2246BEA32900C3C1001FE2C6 /* PointInfo */ = {
			isa = PBXGroup;
			children = (
				2254D4E62905813600ED18D5 /* Protocol */,
				22EE795B29028D2B006E3085 /* Handler */,
				2246BEA62900C3E0001FE2C6 /* View */,
				2246BEA42900C3DD001FE2C6 /* PointInfoController.swift */,
			);
			path = PointInfo;
			sourceTree = "<group>";
		};
		2246BEA62900C3E0001FE2C6 /* View */ = {
			isa = PBXGroup;
			children = (
				2246BEA92900C83C001FE2C6 /* PointInfoCell.swift */,
			);
			path = View;
			sourceTree = "<group>";
		};
		2254D4E329056D7400ED18D5 /* Protocol */ = {
			isa = PBXGroup;
			children = (
				2254D4E429056D8B00ED18D5 /* MenuControllerProtocol.swift */,
			);
			path = Protocol;
			sourceTree = "<group>";
		};
		2254D4E62905813600ED18D5 /* Protocol */ = {
			isa = PBXGroup;
			children = (
				2254D4E72905849900ED18D5 /* PointInfoProtocol.swift */,
			);
			path = Protocol;
			sourceTree = "<group>";
		};
		2283DCA328FE4F90008EE94F = {
			isa = PBXGroup;
			children = (
				2283DCC628FE4F98008EE94F /* Shared */,
				2283DCAE28FE4F90008EE94F /* iOS-App */,
				2283DCAD28FE4F90008EE94F /* Products */,
			);
			sourceTree = "<group>";
		};
		2283DCAD28FE4F90008EE94F /* Products */ = {
			isa = PBXGroup;
			children = (
				2283DCAC28FE4F90008EE94F /* Ponto In Time.app */,
			);
			name = Products;
			sourceTree = "<group>";
		};
		2283DCAE28FE4F90008EE94F /* iOS-App */ = {
			isa = PBXGroup;
			children = (
				2283DCC828FE4FAF008EE94F /* General */,
				2283DCCB28FE4FD0008EE94F /* Screens */,
				2283DCC028FE4F92008EE94F /* Info.plist */,
			);
			path = "iOS-App";
			sourceTree = "<group>";
		};
		2283DCC628FE4F98008EE94F /* Shared */ = {
			isa = PBXGroup;
			children = (
				2283DCCD28FE4FF3008EE94F /* Assets */,
				22EE7941290113A3006E3085 /* Errors Handlers */,
				2283DD2928FF311A008EE94F /* Models */,
				2283DCCE28FE4FFC008EE94F /* Storage */,
				2283DCD028FE502A008EE94F /* Design System */,
				2283DCD128FE50E2008EE94F /* Localization */,
			);
			path = Shared;
			sourceTree = "<group>";
		};
		2283DCC828FE4FAF008EE94F /* General */ = {
			isa = PBXGroup;
			children = (
				2283DCD428FE5287008EE94F /* Extensions */,
				2283DCC928FE4FBA008EE94F /* Delegate */,
			);
			path = General;
			sourceTree = "<group>";
		};
		2283DCC928FE4FBA008EE94F /* Delegate */ = {
			isa = PBXGroup;
			children = (
				2283DCCA28FE4FC0008EE94F /* System */,
				22002107296C08A4007BB4FC /* TextFieldDelegate.swift */,
			);
			path = Delegate;
			sourceTree = "<group>";
		};
		2283DCCA28FE4FC0008EE94F /* System */ = {
			isa = PBXGroup;
			children = (
				2283DCB128FE4F90008EE94F /* SceneDelegate.swift */,
				2283DCAF28FE4F90008EE94F /* AppDelegate.swift */,
			);
			path = System;
			sourceTree = "<group>";
		};
		2283DCCB28FE4FD0008EE94F /* Screens */ = {
			isa = PBXGroup;
			children = (
				2283DCCC28FE4FE4008EE94F /* Main */,
				2283DD1D28FE866F008EE94F /* Menu */,
				2283DD3928FF7BB9008EE94F /* HIstoric */,
				2283DD5728FFBE2F008EE94F /* Settings */,
				2246BEA32900C3C1001FE2C6 /* PointInfo */,
				220020FE296BF502007BB4FC /* TextEdit */,
			);
			path = Screens;
			sourceTree = "<group>";
		};
		2283DCCC28FE4FE4008EE94F /* Main */ = {
			isa = PBXGroup;
			children = (
				2283DCE728FE549B008EE94F /* Launch */,
				2283DCD228FE51DB008EE94F /* MainController.swift */,
			);
			path = Main;
			sourceTree = "<group>";
		};
		2283DCCD28FE4FF3008EE94F /* Assets */ = {
			isa = PBXGroup;
			children = (
				2283DCBB28FE4F92008EE94F /* Assets.xcassets */,
			);
			path = Assets;
			sourceTree = "<group>";
		};
		2283DCCE28FE4FFC008EE94F /* Storage */ = {
			isa = PBXGroup;
			children = (
				2283DCCF28FE5006008EE94F /* Core Data */,
			);
			path = Storage;
			sourceTree = "<group>";
		};
		2283DCCF28FE5006008EE94F /* Core Data */ = {
			isa = PBXGroup;
			children = (
				22EE793E29011377006E3085 /* Protocols */,
				22EE793229010FC6006E3085 /* Entities */,
				22EE794629011517006E3085 /* Managers */,
				22EE794429011434006E3085 /* CDManager.swift */,
				2283DCB828FE4F90008EE94F /* mainDataBase.xcdatamodeld */,
			);
			path = "Core Data";
			sourceTree = "<group>";
		};
		2283DCD028FE502A008EE94F /* Design System */ = {
			isa = PBXGroup;
			children = (
				221A5107295BBC86009BEEA9 /* Protocols */,
				2283DCF428FE64D0008EE94F /* Adaptive Layout */,
				2283DD0728FE68F4008EE94F /* Components */,
				2283DCFB28FE6585008EE94F /* Font */,
				2283DCDB28FE52C7008EE94F /* Icons */,
				2283DD0D28FE6B8C008EE94F /* Color */,
				22EE79682904AA23006E3085 /* Date */,
			);
			path = "Design System";
			sourceTree = "<group>";
		};
		2283DCD128FE50E2008EE94F /* Localization */ = {
			isa = PBXGroup;
			children = (
				2283DD5628FFB862008EE94F /* Extension */,
				2283DD5228FFB7EF008EE94F /* Localizable.strings */,
			);
			path = Localization;
			sourceTree = "<group>";
		};
		2283DCD428FE5287008EE94F /* Extensions */ = {
			isa = PBXGroup;
			children = (
				22002120296E5353007BB4FC /* String */,
				22002121296E535B007BB4FC /* UIView */,
				22002122296E5369007BB4FC /* UIViewController */,
				220020FA2968233B007BB4FC /* UIDatePicker+getDate.swift */,
				220020DF29655DE6007BB4FC /* UIImageView+hasImage.swift */,
				22002123296E5906007BB4FC /* UIImage+LocalImages.swift */,
			);
			path = Extensions;
			sourceTree = "<group>";
		};
		2283DCDB28FE52C7008EE94F /* Icons */ = {
			isa = PBXGroup;
			children = (
				2283DCE628FE52FA008EE94F /* Extension */,
				2283DCDD28FE52DA008EE94F /* AppIcons.swift */,
				2283DCE028FE52DA008EE94F /* IconInfo.swift */,
			);
			path = Icons;
			sourceTree = "<group>";
		};
		2283DCE628FE52FA008EE94F /* Extension */ = {
			isa = PBXGroup;
			children = (
				2283DCDE28FE52DA008EE94F /* UIImage+AppIcons.swift */,
				220020F529676E31007BB4FC /* UIImage+IconInfo.swift */,
			);
			path = Extension;
			sourceTree = "<group>";
		};
		2283DCE728FE549B008EE94F /* Launch */ = {
			isa = PBXGroup;
			children = (
				2283DCBD28FE4F92008EE94F /* LaunchScreen.storyboard */,
			);
			path = Launch;
			sourceTree = "<group>";
		};
		2283DCF428FE64D0008EE94F /* Adaptive Layout */ = {
			isa = PBXGroup;
			children = (
				2283DCF528FE64E4008EE94F /* Protocols */,
				2283DCF628FE64FB008EE94F /* Models */,
				2283DCEC28FE64CD008EE94F /* UIView+AdpativeLayout.swift */,
			);
			path = "Adaptive Layout";
			sourceTree = "<group>";
		};
		2283DCF528FE64E4008EE94F /* Protocols */ = {
			isa = PBXGroup;
			children = (
				2283DCED28FE64CD008EE94F /* AdaptiveLayout.swift */,
			);
			path = Protocols;
			sourceTree = "<group>";
		};
		2283DCF628FE64FB008EE94F /* Models */ = {
			isa = PBXGroup;
			children = (
				2283DCEA28FE64CD008EE94F /* Screens.swift */,
				2283DCE928FE64CC008EE94F /* ScreenInfo.swift */,
			);
			path = Models;
			sourceTree = "<group>";
		};
		2283DCFB28FE6585008EE94F /* Font */ = {
			isa = PBXGroup;
			children = (
				2283DCFC28FE658D008EE94F /* Extensions */,
				2283DD0528FE65A0008EE94F /* FontInfo.swift */,
			);
			path = Font;
			sourceTree = "<group>";
		};
		2283DCFC28FE658D008EE94F /* Extensions */ = {
			isa = PBXGroup;
			children = (
				2283DCFF28FE6596008EE94F /* UIFont+setupFont.swift */,
				2283DCFD28FE6596008EE94F /* UILabel+FontInfo.swift */,
				2283DD0028FE6596008EE94F /* UIButton+FontInfo.swift */,
				220020EB2966736C007BB4FC /* UITextField+FontInfo.swift */,
			);
			path = Extensions;
			sourceTree = "<group>";
		};
		2283DD0728FE68F4008EE94F /* Components */ = {
			isa = PBXGroup;
			children = (
				22002125296F5589007BB4FC /* DocumentsHandler */,
				220020EF2966B8EB007BB4FC /* Copy Warning */,
				2283DD0A28FE6B10008EE94F /* StatusView */,
				2283DD4A28FFB066008EE94F /* TableCell */,
				220020F22966BA27007BB4FC /* ViewLabel */,
				220020F7296775EF007BB4FC /* ViewWithTable */,
				2283DD4228FF906C008EE94F /* CustomStack */,
				2283DD3128FF6F40008EE94F /* CustomTable */,
				22EE795E2904112B006E3085 /* CustomButton */,
				22002104296BFBCE007BB4FC /* CustomTextField */,
				2283DCF928FE6563008EE94F /* CustomViews.swift */,
			);
			path = Components;
			sourceTree = "<group>";
		};
		2283DD0A28FE6B10008EE94F /* StatusView */ = {
			isa = PBXGroup;
			children = (
				2283DD0B28FE6B23008EE94F /* StatusViewStyle.swift */,
				2283DD0828FE6916008EE94F /* StatusView.swift */,
			);
			path = StatusView;
			sourceTree = "<group>";
		};
		2283DD0D28FE6B8C008EE94F /* Color */ = {
			isa = PBXGroup;
			children = (
				2283DD1428FE6CCD008EE94F /* Extension */,
				2283DD0F28FE6B9F008EE94F /* AppColors.swift */,
			);
			path = Color;
			sourceTree = "<group>";
		};
		2283DD1428FE6CCD008EE94F /* Extension */ = {
			isa = PBXGroup;
			children = (
				2283DD1028FE6B9F008EE94F /* UIColors+AppColors.swift */,
			);
			path = Extension;
			sourceTree = "<group>";
		};
		2283DD1D28FE866F008EE94F /* Menu */ = {
			isa = PBXGroup;
			children = (
				2254D4E329056D7400ED18D5 /* Protocol */,
				220020D8296556B8007BB4FC /* Handler */,
				2283DD2028FE8683008EE94F /* View */,
				2283DD1E28FE867F008EE94F /* MenuController.swift */,
			);
			path = Menu;
			sourceTree = "<group>";
		};
		2283DD2028FE8683008EE94F /* View */ = {
			isa = PBXGroup;
			children = (
				2283DD2328FEA4DF008EE94F /* Cell */,
				2283DD2128FE86A4008EE94F /* MenuView.swift */,
			);
			path = View;
			sourceTree = "<group>";
		};
		2283DD2328FEA4DF008EE94F /* Cell */ = {
			isa = PBXGroup;
			children = (
				220020E52965917A007BB4FC /* TimerCell.swift */,
			);
			path = Cell;
			sourceTree = "<group>";
		};
		2283DD2928FF311A008EE94F /* Models */ = {
			isa = PBXGroup;
			children = (
				22168960290796D000D1B208 /* Managed */,
				2283DD4D28FFB0F2008EE94F /* Cells */,
				22EE796129046590006E3085 /* SettingsData.swift */,
				22EE79662904A82D006E3085 /* ActionSetup.swift */,
				2283DCE828FE64CC008EE94F /* Dimension.swift */,
				22002115296C8B05007BB4FC /* LimitValues.swift */,
			);
			path = Models;
			sourceTree = "<group>";
		};
		2283DD3128FF6F40008EE94F /* CustomTable */ = {
			isa = PBXGroup;
			children = (
				22EE7956290255CB006E3085 /* Models */,
				2283DD2F28FF4858008EE94F /* CustomTable.swift */,
			);
			path = CustomTable;
			sourceTree = "<group>";
		};
		2283DD3928FF7BB9008EE94F /* HIstoric */ = {
			isa = PBXGroup;
			children = (
				2283DD4528FF94BE008EE94F /* Handler */,
				2283DD3C28FF7BF9008EE94F /* View */,
				2283DD3A28FF7BF5008EE94F /* HistoricController.swift */,
			);
			path = HIstoric;
			sourceTree = "<group>";
		};
		2283DD3C28FF7BF9008EE94F /* View */ = {
			isa = PBXGroup;
			children = (
				2283DD3F28FF7D5C008EE94F /* HistoricCell.swift */,
			);
			path = View;
			sourceTree = "<group>";
		};
		2283DD4228FF906C008EE94F /* CustomStack */ = {
			isa = PBXGroup;
			children = (
				2283DD4328FF9086008EE94F /* CustomStack.swift */,
			);
			path = CustomStack;
			sourceTree = "<group>";
		};
		2283DD4528FF94BE008EE94F /* Handler */ = {
			isa = PBXGroup;
			children = (
				220020E329656BA5007BB4FC /* HistoricTableHandler.swift */,
			);
			path = Handler;
			sourceTree = "<group>";
		};
		2283DD4A28FFB066008EE94F /* TableCell */ = {
			isa = PBXGroup;
			children = (
				220020E72965F110007BB4FC /* TableCell.swift */,
			);
			path = TableCell;
			sourceTree = "<group>";
		};
		2283DD4D28FFB0F2008EE94F /* Cells */ = {
			isa = PBXGroup;
			children = (
				2283DD2D28FF3B5C008EE94F /* ActionType.swift */,
				220020ED2966896F007BB4FC /* TableData.swift */,
			);
			path = Cells;
			sourceTree = "<group>";
		};
		2283DD5628FFB862008EE94F /* Extension */ = {
			isa = PBXGroup;
			children = (
				2283DD5428FFB824008EE94F /* String+Localized.swift */,
			);
			path = Extension;
			sourceTree = "<group>";
		};
		2283DD5728FFBE2F008EE94F /* Settings */ = {
			isa = PBXGroup;
			children = (
				22002117296CC173007BB4FC /* Protocol */,
				2283DD6028FFBEBA008EE94F /* Handler */,
				2283DD5828FFBE44008EE94F /* SettingsController.swift */,
			);
			path = Settings;
			sourceTree = "<group>";
		};
		2283DD6028FFBEBA008EE94F /* Handler */ = {
			isa = PBXGroup;
			children = (
				2283DD6128FFBEE0008EE94F /* SettingsTableHandler.swift */,
			);
			path = Handler;
			sourceTree = "<group>";
		};
		22EE793229010FC6006E3085 /* Entities */ = {
			isa = PBXGroup;
			children = (
				22EE792A29010F9A006E3085 /* DBSettings.swift */,
				22EE792829010F99006E3085 /* DBDayWork.swift */,
				22EE792C29010F9A006E3085 /* DBPoint.swift */,
				22EE792929010F9A006E3085 /* DBFiles.swift */,
				22EE792B29010F9A006E3085 /* DBPointType.swift */,
			);
			path = Entities;
			sourceTree = "<group>";
		};
		22EE793E29011377006E3085 /* Protocols */ = {
			isa = PBXGroup;
			children = (
				22EE793F29011390006E3085 /* CoreDataProperties.swift */,
			);
			path = Protocols;
			sourceTree = "<group>";
		};
		22EE7941290113A3006E3085 /* Errors Handlers */ = {
			isa = PBXGroup;
			children = (
				2216895D290795D200D1B208 /* Protocol */,
				22EE7942290113BF006E3085 /* ErrorCDHandler.swift */,
				22002113296C7F7D007BB4FC /* ErrorTextEdit.swift */,
			);
			path = "Errors Handlers";
			sourceTree = "<group>";
		};
		22EE794629011517006E3085 /* Managers */ = {
			isa = PBXGroup;
			children = (
				22EE794729011533006E3085 /* SettingsCDManager.swift */,
				22EE794E29022722006E3085 /* DayWorkCDManager.swift */,
				22EE795029024CB8006E3085 /* FilesCDManager.swift */,
				22EE795229024CE2006E3085 /* PointTypeCDManager.swift */,
				22EE795429024D1B006E3085 /* PointCDManager.swift */,
			);
			path = Managers;
			sourceTree = "<group>";
		};
		22EE7956290255CB006E3085 /* Models */ = {
			isa = PBXGroup;
			children = (
				22EE7957290255EC006E3085 /* TableIcon.swift */,
			);
			path = Models;
			sourceTree = "<group>";
		};
		22EE795B29028D2B006E3085 /* Handler */ = {
			isa = PBXGroup;
			children = (
				220020E1296564EF007BB4FC /* PointInfoTableHandler.swift */,
			);
			path = Handler;
			sourceTree = "<group>";
		};
		22EE795E2904112B006E3085 /* CustomButton */ = {
			isa = PBXGroup;
			children = (
				22EE795F29041146006E3085 /* CustomButton.swift */,
			);
			path = CustomButton;
			sourceTree = "<group>";
		};
		22EE79682904AA23006E3085 /* Date */ = {
			isa = PBXGroup;
			children = (
				22EE796D2904AAED006E3085 /* Extension */,
				22EE79692904AA3D006E3085 /* DateFormatTypes.swift */,
				22EE79642904A7E7006E3085 /* DateManager.swift */,
			);
			path = Date;
			sourceTree = "<group>";
		};
		22EE796D2904AAED006E3085 /* Extension */ = {
			isa = PBXGroup;
			children = (
				22EE796B2904AA7D006E3085 /* Date+DateFormatTypes.swift */,
				221689632907A3BB00D1B208 /* Date+TimeZone.swift */,
			);
			path = Extension;
			sourceTree = "<group>";
		};
/* End PBXGroup section */

/* Begin PBXNativeTarget section */
		2283DCAB28FE4F90008EE94F /* Ponto In Time */ = {
			isa = PBXNativeTarget;
			buildConfigurationList = 2283DCC328FE4F92008EE94F /* Build configuration list for PBXNativeTarget "Ponto In Time" */;
			buildPhases = (
				2283DCA828FE4F90008EE94F /* Sources */,
				2283DCA928FE4F90008EE94F /* Frameworks */,
				2283DCAA28FE4F90008EE94F /* Resources */,
			);
			buildRules = (
			);
			dependencies = (
			);
			name = "Ponto In Time";
			productName = "Ponto In Time";
			productReference = 2283DCAC28FE4F90008EE94F /* Ponto In Time.app */;
			productType = "com.apple.product-type.application";
		};
/* End PBXNativeTarget section */

/* Begin PBXProject section */
		2283DCA428FE4F90008EE94F /* Project object */ = {
			isa = PBXProject;
			attributes = {
				BuildIndependentTargetsInParallel = 1;
				LastSwiftUpdateCheck = 1400;
				LastUpgradeCheck = 1400;
				TargetAttributes = {
					2283DCAB28FE4F90008EE94F = {
						CreatedOnToolsVersion = 14.0.1;
					};
				};
			};
			buildConfigurationList = 2283DCA728FE4F90008EE94F /* Build configuration list for PBXProject "Ponto In Time" */;
			compatibilityVersion = "Xcode 14.0";
			developmentRegion = en;
			hasScannedForEncodings = 0;
			knownRegions = (
				en,
				Base,
			);
			mainGroup = 2283DCA328FE4F90008EE94F;
			productRefGroup = 2283DCAD28FE4F90008EE94F /* Products */;
			projectDirPath = "";
			projectRoot = "";
			targets = (
				2283DCAB28FE4F90008EE94F /* Ponto In Time */,
			);
		};
/* End PBXProject section */

/* Begin PBXResourcesBuildPhase section */
		2283DCAA28FE4F90008EE94F /* Resources */ = {
			isa = PBXResourcesBuildPhase;
			buildActionMask = 2147483647;
			files = (
				2283DCBF28FE4F92008EE94F /* LaunchScreen.storyboard in Resources */,
				2283DD5328FFB7F0008EE94F /* Localizable.strings in Resources */,
				2283DCBC28FE4F92008EE94F /* Assets.xcassets in Resources */,
			);
			runOnlyForDeploymentPostprocessing = 0;
		};
/* End PBXResourcesBuildPhase section */

/* Begin PBXSourcesBuildPhase section */
		2283DCA828FE4F90008EE94F /* Sources */ = {
			isa = PBXSourcesBuildPhase;
			buildActionMask = 2147483647;
			files = (
				220020F42966BA3B007BB4FC /* ViewLabel.swift in Sources */,
				2283DD0128FE6597008EE94F /* UILabel+FontInfo.swift in Sources */,
				22EE793729011174006E3085 /* ManagedDayWork.swift in Sources */,
				22EE793129010F9A006E3085 /* DBPoint.swift in Sources */,
				220020DE29655C3D007BB4FC /* UIView+strechToBounds.swift in Sources */,
				22002129296F7A85007BB4FC /* PickerType.swift in Sources */,
				22EE7935290110CB006E3085 /* ManagedSettings.swift in Sources */,
				22EE796A2904AA3D006E3085 /* DateFormatTypes.swift in Sources */,
				220020E82965F110007BB4FC /* TableCell.swift in Sources */,
				22002119296CC17F007BB4FC /* SettingsProtocol.swift in Sources */,
				220020F629676E31007BB4FC /* UIImage+IconInfo.swift in Sources */,
				22EE79672904A82D006E3085 /* ActionSetup.swift in Sources */,
				22EE796029041146006E3085 /* CustomButton.swift in Sources */,
				22EE794029011390006E3085 /* CoreDataProperties.swift in Sources */,
				2283DD2E28FF3B5C008EE94F /* ActionType.swift in Sources */,
				22EE793D2901131B006E3085 /* ManagedFiles.swift in Sources */,
				220020DA296556C4007BB4FC /* InfoMenuTableHandler.swift in Sources */,
				220020FD2968695B007BB4FC /* UIViewController+showWarningPopUp.swift in Sources */,
				22EE7958290255EC006E3085 /* TableIcon.swift in Sources */,
				2254D4E529056D8B00ED18D5 /* MenuControllerProtocol.swift in Sources */,
				220020E2296564EF007BB4FC /* PointInfoTableHandler.swift in Sources */,
				220020F12966B90A007BB4FC /* CopyWarning.swift in Sources */,
				2283DD0928FE6916008EE94F /* StatusView.swift in Sources */,
				2283DCD928FE5297008EE94F /* UIViewController+setupTab.swift in Sources */,
				2200210B296C0D50007BB4FC /* TextEditData.swift in Sources */,
				220020E62965917A007BB4FC /* TimerCell.swift in Sources */,
				22EE796229046590006E3085 /* SettingsData.swift in Sources */,
				2283DD0C28FE6B23008EE94F /* StatusViewStyle.swift in Sources */,
				22EE794829011533006E3085 /* SettingsCDManager.swift in Sources */,
				22EE792F29010F9A006E3085 /* DBSettings.swift in Sources */,
				22EE793B2901129E006E3085 /* ManagedPointType.swift in Sources */,
				221689622907A25900D1B208 /* String+subscripts.swift in Sources */,
				2216895F290795ED00D1B208 /* ErrorWarnings.swift in Sources */,
				221A5112295BBCDA009BEEA9 /* CustomCell.swift in Sources */,
				221A510B295BBC9F009BEEA9 /* ViewCode.swift in Sources */,
				2200211B296D04F8007BB4FC /* DataEdited.swift in Sources */,
				2200212B296F7AA9007BB4FC /* DocumentsHandlerDelegate.swift in Sources */,
				2283DCF328FE64CD008EE94F /* AdaptiveLayout.swift in Sources */,
				2200210E296C78AF007BB4FC /* TextEditProtocol.swift in Sources */,
				22EE795529024D1B006E3085 /* PointCDManager.swift in Sources */,
				2283DCE328FE52DA008EE94F /* UIImage+AppIcons.swift in Sources */,
				2200211D296E517D007BB4FC /* AlertHandler.swift in Sources */,
				22EE794F29022722006E3085 /* DayWorkCDManager.swift in Sources */,
				22EE796C2904AA7D006E3085 /* Date+DateFormatTypes.swift in Sources */,
				220020DC29655A26007BB4FC /* UIView+hasSuperview.swift in Sources */,
				22002108296C08A4007BB4FC /* TextFieldDelegate.swift in Sources */,
				2283DD5928FFBE44008EE94F /* SettingsController.swift in Sources */,
				2283DCFA28FE6563008EE94F /* CustomViews.swift in Sources */,
				2283DCF028FE64CD008EE94F /* Screens.swift in Sources */,
				221A510D295BBCA5009BEEA9 /* ControllerActions.swift in Sources */,
				22002100296BF521007BB4FC /* TextEditController.swift in Sources */,
				2283DCEF28FE64CD008EE94F /* ScreenInfo.swift in Sources */,
				220020EA2965FB7A007BB4FC /* UIView+removeAllSubviews.swift in Sources */,
				22002127296F55A7007BB4FC /* DocumentsHandler.swift in Sources */,
				22002106296BFC02007BB4FC /* CustomTextField.swift in Sources */,
				2283DD3028FF4858008EE94F /* CustomTable.swift in Sources */,
				221A5109295BBC9A009BEEA9 /* TableHandler.swift in Sources */,
				2283DD0428FE6597008EE94F /* UIButton+FontInfo.swift in Sources */,
				2283DD6228FFBEE0008EE94F /* SettingsTableHandler.swift in Sources */,
				221689642907A3BB00D1B208 /* Date+TimeZone.swift in Sources */,
				2283DD1228FE6B9F008EE94F /* AppColors.swift in Sources */,
				2283DD0628FE65A0008EE94F /* FontInfo.swift in Sources */,
				2246BEAA2900C83C001FE2C6 /* PointInfoCell.swift in Sources */,
				2283DD5528FFB824008EE94F /* String+Localized.swift in Sources */,
				22EE793929011223006E3085 /* ManagedPoint.swift in Sources */,
				22002110296C7CAC007BB4FC /* ViewHasTextField.swift in Sources */,
				2254D4E229056D2B00ED18D5 /* ViewHasTable.swift in Sources */,
				220020E029655DE6007BB4FC /* UIImageView+hasImage.swift in Sources */,
				2283DD0328FE6597008EE94F /* UIFont+setupFont.swift in Sources */,
				2283DCD328FE51DB008EE94F /* MainController.swift in Sources */,
				2246BEA52900C3DD001FE2C6 /* PointInfoController.swift in Sources */,
				22EE792D29010F9A006E3085 /* DBDayWork.swift in Sources */,
				22EE795329024CE2006E3085 /* PointTypeCDManager.swift in Sources */,
				22EE794529011434006E3085 /* CDManager.swift in Sources */,
				2283DD1328FE6B9F008EE94F /* UIColors+AppColors.swift in Sources */,
				22EE79652904A7E7006E3085 /* DateManager.swift in Sources */,
				2283DCE228FE52DA008EE94F /* AppIcons.swift in Sources */,
				2283DD4028FF7D5C008EE94F /* HistoricCell.swift in Sources */,
				2283DCF228FE64CD008EE94F /* UIView+AdpativeLayout.swift in Sources */,
				2283DD4428FF9086008EE94F /* CustomStack.swift in Sources */,
				220020F929677603007BB4FC /* ViewWithTable.swift in Sources */,
				220020FB2968233B007BB4FC /* UIDatePicker+getDate.swift in Sources */,
				22002114296C7F7D007BB4FC /* ErrorTextEdit.swift in Sources */,
				220020E429656BA5007BB4FC /* HistoricTableHandler.swift in Sources */,
				2283DD3B28FF7BF5008EE94F /* HistoricController.swift in Sources */,
				22002112296C7EEB007BB4FC /* String+validations.swift in Sources */,
				2200211F296E52BB007BB4FC /* UIViewController+ActionHandler.swift in Sources */,
				2283DCE528FE52DA008EE94F /* IconInfo.swift in Sources */,
				22EE795129024CB8006E3085 /* FilesCDManager.swift in Sources */,
				22002124296E5906007BB4FC /* UIImage+LocalImages.swift in Sources */,
				220020EC2966736D007BB4FC /* UITextField+FontInfo.swift in Sources */,
				22EE792E29010F9A006E3085 /* DBFiles.swift in Sources */,
				2283DCB028FE4F90008EE94F /* AppDelegate.swift in Sources */,
				2283DD2228FE86A4008EE94F /* MenuView.swift in Sources */,
				2283DCBA28FE4F90008EE94F /* mainDataBase.xcdatamodeld in Sources */,
				2283DCEE28FE64CD008EE94F /* Dimension.swift in Sources */,
				220020EE2966896F007BB4FC /* TableData.swift in Sources */,
				2283DD1F28FE867F008EE94F /* MenuController.swift in Sources */,
				22002103296BF5FB007BB4FC /* TextEditView.swift in Sources */,
				22002116296C8B05007BB4FC /* LimitValues.swift in Sources */,
				22EE793029010F9A006E3085 /* DBPointType.swift in Sources */,
				2254D4E82905849900ED18D5 /* PointInfoProtocol.swift in Sources */,
				22EE7943290113BF006E3085 /* ErrorCDHandler.swift in Sources */,
				2283DCB228FE4F90008EE94F /* SceneDelegate.swift in Sources */,
			);
			runOnlyForDeploymentPostprocessing = 0;
		};
/* End PBXSourcesBuildPhase section */

/* Begin PBXVariantGroup section */
		2283DCBD28FE4F92008EE94F /* LaunchScreen.storyboard */ = {
			isa = PBXVariantGroup;
			children = (
				2283DCBE28FE4F92008EE94F /* Base */,
			);
			name = LaunchScreen.storyboard;
			sourceTree = "<group>";
		};
/* End PBXVariantGroup section */

/* Begin XCBuildConfiguration section */
		2283DCC128FE4F92008EE94F /* Debug */ = {
			isa = XCBuildConfiguration;
			buildSettings = {
				ALWAYS_SEARCH_USER_PATHS = NO;
				CLANG_ANALYZER_NONNULL = YES;
				CLANG_ANALYZER_NUMBER_OBJECT_CONVERSION = YES_AGGRESSIVE;
				CLANG_CXX_LANGUAGE_STANDARD = "gnu++20";
				CLANG_ENABLE_MODULES = YES;
				CLANG_ENABLE_OBJC_ARC = YES;
				CLANG_ENABLE_OBJC_WEAK = YES;
				CLANG_WARN_BLOCK_CAPTURE_AUTORELEASING = YES;
				CLANG_WARN_BOOL_CONVERSION = YES;
				CLANG_WARN_COMMA = YES;
				CLANG_WARN_CONSTANT_CONVERSION = YES;
				CLANG_WARN_DEPRECATED_OBJC_IMPLEMENTATIONS = YES;
				CLANG_WARN_DIRECT_OBJC_ISA_USAGE = YES_ERROR;
				CLANG_WARN_DOCUMENTATION_COMMENTS = YES;
				CLANG_WARN_EMPTY_BODY = YES;
				CLANG_WARN_ENUM_CONVERSION = YES;
				CLANG_WARN_INFINITE_RECURSION = YES;
				CLANG_WARN_INT_CONVERSION = YES;
				CLANG_WARN_NON_LITERAL_NULL_CONVERSION = YES;
				CLANG_WARN_OBJC_IMPLICIT_RETAIN_SELF = YES;
				CLANG_WARN_OBJC_LITERAL_CONVERSION = YES;
				CLANG_WARN_OBJC_ROOT_CLASS = YES_ERROR;
				CLANG_WARN_QUOTED_INCLUDE_IN_FRAMEWORK_HEADER = YES;
				CLANG_WARN_RANGE_LOOP_ANALYSIS = YES;
				CLANG_WARN_STRICT_PROTOTYPES = YES;
				CLANG_WARN_SUSPICIOUS_MOVE = YES;
				CLANG_WARN_UNGUARDED_AVAILABILITY = YES_AGGRESSIVE;
				CLANG_WARN_UNREACHABLE_CODE = YES;
				CLANG_WARN__DUPLICATE_METHOD_MATCH = YES;
				COPY_PHASE_STRIP = NO;
				DEBUG_INFORMATION_FORMAT = dwarf;
				ENABLE_STRICT_OBJC_MSGSEND = YES;
				ENABLE_TESTABILITY = YES;
				GCC_C_LANGUAGE_STANDARD = gnu11;
				GCC_DYNAMIC_NO_PIC = NO;
				GCC_NO_COMMON_BLOCKS = YES;
				GCC_OPTIMIZATION_LEVEL = 0;
				GCC_PREPROCESSOR_DEFINITIONS = (
					"DEBUG=1",
					"$(inherited)",
				);
				GCC_WARN_64_TO_32_BIT_CONVERSION = YES;
				GCC_WARN_ABOUT_RETURN_TYPE = YES_ERROR;
				GCC_WARN_UNDECLARED_SELECTOR = YES;
				GCC_WARN_UNINITIALIZED_AUTOS = YES_AGGRESSIVE;
				GCC_WARN_UNUSED_FUNCTION = YES;
				GCC_WARN_UNUSED_VARIABLE = YES;
				IPHONEOS_DEPLOYMENT_TARGET = 14.5;
				MTL_ENABLE_DEBUG_INFO = INCLUDE_SOURCE;
				MTL_FAST_MATH = YES;
				ONLY_ACTIVE_ARCH = YES;
				SDKROOT = iphoneos;
				SWIFT_ACTIVE_COMPILATION_CONDITIONS = DEBUG;
				SWIFT_OPTIMIZATION_LEVEL = "-Onone";
			};
			name = Debug;
		};
		2283DCC228FE4F92008EE94F /* Release */ = {
			isa = XCBuildConfiguration;
			buildSettings = {
				ALWAYS_SEARCH_USER_PATHS = NO;
				CLANG_ANALYZER_NONNULL = YES;
				CLANG_ANALYZER_NUMBER_OBJECT_CONVERSION = YES_AGGRESSIVE;
				CLANG_CXX_LANGUAGE_STANDARD = "gnu++20";
				CLANG_ENABLE_MODULES = YES;
				CLANG_ENABLE_OBJC_ARC = YES;
				CLANG_ENABLE_OBJC_WEAK = YES;
				CLANG_WARN_BLOCK_CAPTURE_AUTORELEASING = YES;
				CLANG_WARN_BOOL_CONVERSION = YES;
				CLANG_WARN_COMMA = YES;
				CLANG_WARN_CONSTANT_CONVERSION = YES;
				CLANG_WARN_DEPRECATED_OBJC_IMPLEMENTATIONS = YES;
				CLANG_WARN_DIRECT_OBJC_ISA_USAGE = YES_ERROR;
				CLANG_WARN_DOCUMENTATION_COMMENTS = YES;
				CLANG_WARN_EMPTY_BODY = YES;
				CLANG_WARN_ENUM_CONVERSION = YES;
				CLANG_WARN_INFINITE_RECURSION = YES;
				CLANG_WARN_INT_CONVERSION = YES;
				CLANG_WARN_NON_LITERAL_NULL_CONVERSION = YES;
				CLANG_WARN_OBJC_IMPLICIT_RETAIN_SELF = YES;
				CLANG_WARN_OBJC_LITERAL_CONVERSION = YES;
				CLANG_WARN_OBJC_ROOT_CLASS = YES_ERROR;
				CLANG_WARN_QUOTED_INCLUDE_IN_FRAMEWORK_HEADER = YES;
				CLANG_WARN_RANGE_LOOP_ANALYSIS = YES;
				CLANG_WARN_STRICT_PROTOTYPES = YES;
				CLANG_WARN_SUSPICIOUS_MOVE = YES;
				CLANG_WARN_UNGUARDED_AVAILABILITY = YES_AGGRESSIVE;
				CLANG_WARN_UNREACHABLE_CODE = YES;
				CLANG_WARN__DUPLICATE_METHOD_MATCH = YES;
				COPY_PHASE_STRIP = NO;
				DEBUG_INFORMATION_FORMAT = "dwarf-with-dsym";
				ENABLE_NS_ASSERTIONS = NO;
				ENABLE_STRICT_OBJC_MSGSEND = YES;
				GCC_C_LANGUAGE_STANDARD = gnu11;
				GCC_NO_COMMON_BLOCKS = YES;
				GCC_WARN_64_TO_32_BIT_CONVERSION = YES;
				GCC_WARN_ABOUT_RETURN_TYPE = YES_ERROR;
				GCC_WARN_UNDECLARED_SELECTOR = YES;
				GCC_WARN_UNINITIALIZED_AUTOS = YES_AGGRESSIVE;
				GCC_WARN_UNUSED_FUNCTION = YES;
				GCC_WARN_UNUSED_VARIABLE = YES;
				IPHONEOS_DEPLOYMENT_TARGET = 14.5;
				MTL_ENABLE_DEBUG_INFO = NO;
				MTL_FAST_MATH = YES;
				SDKROOT = iphoneos;
				SWIFT_COMPILATION_MODE = wholemodule;
				SWIFT_OPTIMIZATION_LEVEL = "-O";
				VALIDATE_PRODUCT = YES;
			};
			name = Release;
		};
		2283DCC428FE4F92008EE94F /* Debug */ = {
			isa = XCBuildConfiguration;
			buildSettings = {
				ASSETCATALOG_COMPILER_APPICON_NAME = AppIcon;
				ASSETCATALOG_COMPILER_GLOBAL_ACCENT_COLOR_NAME = AccentColor;
				CODE_SIGN_STYLE = Automatic;
				CURRENT_PROJECT_VERSION = 1;
				DEVELOPMENT_TEAM = 534V229RMK;
				GENERATE_INFOPLIST_FILE = YES;
				INFOPLIST_FILE = "iOS-App/Info.plist";
				INFOPLIST_KEY_CFBundleDisplayName = "Ponto In Time";
				INFOPLIST_KEY_LSApplicationCategoryType = "public.app-category.utilities";
				INFOPLIST_KEY_UIApplicationSupportsIndirectInputEvents = YES;
				INFOPLIST_KEY_UILaunchStoryboardName = LaunchScreen;
				INFOPLIST_KEY_UIRequiresFullScreen = YES;
				INFOPLIST_KEY_UISupportedInterfaceOrientations = UIInterfaceOrientationPortrait;
				INFOPLIST_KEY_UISupportedInterfaceOrientations_iPad = "UIInterfaceOrientationPortrait UIInterfaceOrientationPortraitUpsideDown";
				IPHONEOS_DEPLOYMENT_TARGET = 14.5;
				LD_RUNPATH_SEARCH_PATHS = (
					"$(inherited)",
					"@executable_path/Frameworks",
				);
				MARKETING_VERSION = 1.0;
				PRODUCT_BUNDLE_IDENTIFIER = "GUILHERME.REIS.Ponto-In-Time";
				PRODUCT_NAME = "$(TARGET_NAME)";
				SWIFT_EMIT_LOC_STRINGS = YES;
				SWIFT_VERSION = 5.0;
				TARGETED_DEVICE_FAMILY = "1,2";
			};
			name = Debug;
		};
		2283DCC528FE4F92008EE94F /* Release */ = {
			isa = XCBuildConfiguration;
			buildSettings = {
				ASSETCATALOG_COMPILER_APPICON_NAME = AppIcon;
				ASSETCATALOG_COMPILER_GLOBAL_ACCENT_COLOR_NAME = AccentColor;
				CODE_SIGN_STYLE = Automatic;
				CURRENT_PROJECT_VERSION = 1;
				DEVELOPMENT_TEAM = 534V229RMK;
				GENERATE_INFOPLIST_FILE = YES;
				INFOPLIST_FILE = "iOS-App/Info.plist";
				INFOPLIST_KEY_CFBundleDisplayName = "Ponto In Time";
				INFOPLIST_KEY_LSApplicationCategoryType = "public.app-category.utilities";
				INFOPLIST_KEY_UIApplicationSupportsIndirectInputEvents = YES;
				INFOPLIST_KEY_UILaunchStoryboardName = LaunchScreen;
				INFOPLIST_KEY_UIRequiresFullScreen = YES;
				INFOPLIST_KEY_UISupportedInterfaceOrientations = UIInterfaceOrientationPortrait;
				INFOPLIST_KEY_UISupportedInterfaceOrientations_iPad = "UIInterfaceOrientationPortrait UIInterfaceOrientationPortraitUpsideDown";
				IPHONEOS_DEPLOYMENT_TARGET = 14.5;
				LD_RUNPATH_SEARCH_PATHS = (
					"$(inherited)",
					"@executable_path/Frameworks",
				);
				MARKETING_VERSION = 1.0;
				PRODUCT_BUNDLE_IDENTIFIER = "GUILHERME.REIS.Ponto-In-Time";
				PRODUCT_NAME = "$(TARGET_NAME)";
				SWIFT_EMIT_LOC_STRINGS = YES;
				SWIFT_VERSION = 5.0;
				TARGETED_DEVICE_FAMILY = "1,2";
			};
			name = Release;
		};
/* End XCBuildConfiguration section */

/* Begin XCConfigurationList section */
		2283DCA728FE4F90008EE94F /* Build configuration list for PBXProject "Ponto In Time" */ = {
			isa = XCConfigurationList;
			buildConfigurations = (
				2283DCC128FE4F92008EE94F /* Debug */,
				2283DCC228FE4F92008EE94F /* Release */,
			);
			defaultConfigurationIsVisible = 0;
			defaultConfigurationName = Release;
		};
		2283DCC328FE4F92008EE94F /* Build configuration list for PBXNativeTarget "Ponto In Time" */ = {
			isa = XCConfigurationList;
			buildConfigurations = (
				2283DCC428FE4F92008EE94F /* Debug */,
				2283DCC528FE4F92008EE94F /* Release */,
			);
			defaultConfigurationIsVisible = 0;
			defaultConfigurationName = Release;
		};
/* End XCConfigurationList section */

/* Begin XCVersionGroup section */
		2283DCB828FE4F90008EE94F /* mainDataBase.xcdatamodeld */ = {
			isa = XCVersionGroup;
			children = (
				2283DCB928FE4F90008EE94F /* Ponto_In_Time.xcdatamodel */,
			);
			currentVersion = 2283DCB928FE4F90008EE94F /* Ponto_In_Time.xcdatamodel */;
			path = mainDataBase.xcdatamodeld;
			sourceTree = "<group>";
			versionGroupType = wrapper.xcdatamodel;
		};
/* End XCVersionGroup section */
	};
	rootObject = 2283DCA428FE4F90008EE94F /* Project object */;
}
