// !$*UTF8*$!
{
	archiveVersion = 1;
	classes = {
	};
	objectVersion = 56;
	objects = {

/* Begin PBXBuildFile section */
		2246BEA52900C3DD001FE2C6 /* PointInfoController.swift in Sources */ = {isa = PBXBuildFile; fileRef = 2246BEA42900C3DD001FE2C6 /* PointInfoController.swift */; };
		2246BEA82900C3F6001FE2C6 /* PointInfoView.swift in Sources */ = {isa = PBXBuildFile; fileRef = 2246BEA72900C3F6001FE2C6 /* PointInfoView.swift */; };
		2246BEAA2900C83C001FE2C6 /* PointInfoCell.swift in Sources */ = {isa = PBXBuildFile; fileRef = 2246BEA92900C83C001FE2C6 /* PointInfoCell.swift */; };
		2246BEAE2900CCF5001FE2C6 /* PointInfoDataSource.swift in Sources */ = {isa = PBXBuildFile; fileRef = 2246BEAD2900CCF5001FE2C6 /* PointInfoDataSource.swift */; };
		224C528E28FFDE910080C1C3 /* GeneralTableDelegate.swift in Sources */ = {isa = PBXBuildFile; fileRef = 224C528D28FFDE910080C1C3 /* GeneralTableDelegate.swift */; };
		2283DCB028FE4F90008EE94F /* AppDelegate.swift in Sources */ = {isa = PBXBuildFile; fileRef = 2283DCAF28FE4F90008EE94F /* AppDelegate.swift */; };
		2283DCB228FE4F90008EE94F /* SceneDelegate.swift in Sources */ = {isa = PBXBuildFile; fileRef = 2283DCB128FE4F90008EE94F /* SceneDelegate.swift */; };
		2283DCBA28FE4F90008EE94F /* mainDataBase.xcdatamodeld in Sources */ = {isa = PBXBuildFile; fileRef = 2283DCB828FE4F90008EE94F /* mainDataBase.xcdatamodeld */; };
		2283DCBC28FE4F92008EE94F /* Assets.xcassets in Resources */ = {isa = PBXBuildFile; fileRef = 2283DCBB28FE4F92008EE94F /* Assets.xcassets */; };
		2283DCBF28FE4F92008EE94F /* LaunchScreen.storyboard in Resources */ = {isa = PBXBuildFile; fileRef = 2283DCBD28FE4F92008EE94F /* LaunchScreen.storyboard */; };
		2283DCD328FE51DB008EE94F /* MainController.swift in Sources */ = {isa = PBXBuildFile; fileRef = 2283DCD228FE51DB008EE94F /* MainController.swift */; };
		2283DCD928FE5297008EE94F /* UIViewController+setupTab.swift in Sources */ = {isa = PBXBuildFile; fileRef = 2283DCD628FE5297008EE94F /* UIViewController+setupTab.swift */; };
		2283DCE128FE52DA008EE94F /* UIButton+IconInfo.swift in Sources */ = {isa = PBXBuildFile; fileRef = 2283DCDC28FE52DA008EE94F /* UIButton+IconInfo.swift */; };
		2283DCE228FE52DA008EE94F /* AppIcons.swift in Sources */ = {isa = PBXBuildFile; fileRef = 2283DCDD28FE52DA008EE94F /* AppIcons.swift */; };
		2283DCE328FE52DA008EE94F /* UIImage+AppIcons.swift in Sources */ = {isa = PBXBuildFile; fileRef = 2283DCDE28FE52DA008EE94F /* UIImage+AppIcons.swift */; };
		2283DCE528FE52DA008EE94F /* IconInfo.swift in Sources */ = {isa = PBXBuildFile; fileRef = 2283DCE028FE52DA008EE94F /* IconInfo.swift */; };
		2283DCEE28FE64CD008EE94F /* Dimension.swift in Sources */ = {isa = PBXBuildFile; fileRef = 2283DCE828FE64CC008EE94F /* Dimension.swift */; };
		2283DCEF28FE64CD008EE94F /* ScreenInfo.swift in Sources */ = {isa = PBXBuildFile; fileRef = 2283DCE928FE64CC008EE94F /* ScreenInfo.swift */; };
		2283DCF028FE64CD008EE94F /* Screens.swift in Sources */ = {isa = PBXBuildFile; fileRef = 2283DCEA28FE64CD008EE94F /* Screens.swift */; };
		2283DCF128FE64CD008EE94F /* ScreenSize.swift in Sources */ = {isa = PBXBuildFile; fileRef = 2283DCEB28FE64CD008EE94F /* ScreenSize.swift */; };
		2283DCF228FE64CD008EE94F /* UIView+AdpativeLayout.swift in Sources */ = {isa = PBXBuildFile; fileRef = 2283DCEC28FE64CD008EE94F /* UIView+AdpativeLayout.swift */; };
		2283DCF328FE64CD008EE94F /* AdaptiveLayout.swift in Sources */ = {isa = PBXBuildFile; fileRef = 2283DCED28FE64CD008EE94F /* AdaptiveLayout.swift */; };
		2283DCFA28FE6563008EE94F /* CustomViews.swift in Sources */ = {isa = PBXBuildFile; fileRef = 2283DCF928FE6563008EE94F /* CustomViews.swift */; };
		2283DD0128FE6597008EE94F /* UILabel+FontInfo.swift in Sources */ = {isa = PBXBuildFile; fileRef = 2283DCFD28FE6596008EE94F /* UILabel+FontInfo.swift */; };
		2283DD0328FE6597008EE94F /* UIFont+setupFont.swift in Sources */ = {isa = PBXBuildFile; fileRef = 2283DCFF28FE6596008EE94F /* UIFont+setupFont.swift */; };
		2283DD0428FE6597008EE94F /* UIButton+FontInfo.swift in Sources */ = {isa = PBXBuildFile; fileRef = 2283DD0028FE6596008EE94F /* UIButton+FontInfo.swift */; };
		2283DD0628FE65A0008EE94F /* FontInfo.swift in Sources */ = {isa = PBXBuildFile; fileRef = 2283DD0528FE65A0008EE94F /* FontInfo.swift */; };
		2283DD0928FE6916008EE94F /* StatusView.swift in Sources */ = {isa = PBXBuildFile; fileRef = 2283DD0828FE6916008EE94F /* StatusView.swift */; };
		2283DD0C28FE6B23008EE94F /* StatusViewStyle.swift in Sources */ = {isa = PBXBuildFile; fileRef = 2283DD0B28FE6B23008EE94F /* StatusViewStyle.swift */; };
		2283DD1228FE6B9F008EE94F /* AppColors.swift in Sources */ = {isa = PBXBuildFile; fileRef = 2283DD0F28FE6B9F008EE94F /* AppColors.swift */; };
		2283DD1328FE6B9F008EE94F /* UIColors+AppColors.swift in Sources */ = {isa = PBXBuildFile; fileRef = 2283DD1028FE6B9F008EE94F /* UIColors+AppColors.swift */; };
		2283DD1F28FE867F008EE94F /* MenuController.swift in Sources */ = {isa = PBXBuildFile; fileRef = 2283DD1E28FE867F008EE94F /* MenuController.swift */; };
		2283DD2228FE86A4008EE94F /* MenuView.swift in Sources */ = {isa = PBXBuildFile; fileRef = 2283DD2128FE86A4008EE94F /* MenuView.swift */; };
		2283DD2528FEA4FD008EE94F /* MenuCell.swift in Sources */ = {isa = PBXBuildFile; fileRef = 2283DD2428FEA4FD008EE94F /* MenuCell.swift */; };
		2283DD2828FEA7D9008EE94F /* InfoMenuDataSource.swift in Sources */ = {isa = PBXBuildFile; fileRef = 2283DD2728FEA7D9008EE94F /* InfoMenuDataSource.swift */; };
		2283DD2E28FF3B5C008EE94F /* ActionType.swift in Sources */ = {isa = PBXBuildFile; fileRef = 2283DD2D28FF3B5C008EE94F /* ActionType.swift */; };
		2283DD3028FF4858008EE94F /* CustomTable.swift in Sources */ = {isa = PBXBuildFile; fileRef = 2283DD2F28FF4858008EE94F /* CustomTable.swift */; };
		2283DD3328FF6F60008EE94F /* TableStyles.swift in Sources */ = {isa = PBXBuildFile; fileRef = 2283DD3228FF6F60008EE94F /* TableStyles.swift */; };
		2283DD3628FF6FCA008EE94F /* TableDataCount.swift in Sources */ = {isa = PBXBuildFile; fileRef = 2283DD3528FF6FCA008EE94F /* TableDataCount.swift */; };
		2283DD3828FF7901008EE94F /* CustomCell.swift in Sources */ = {isa = PBXBuildFile; fileRef = 2283DD3728FF7901008EE94F /* CustomCell.swift */; };
		2283DD3B28FF7BF5008EE94F /* HistoricController.swift in Sources */ = {isa = PBXBuildFile; fileRef = 2283DD3A28FF7BF5008EE94F /* HistoricController.swift */; };
		2283DD3E28FF7C08008EE94F /* HistoricView.swift in Sources */ = {isa = PBXBuildFile; fileRef = 2283DD3D28FF7C08008EE94F /* HistoricView.swift */; };
		2283DD4028FF7D5C008EE94F /* HistoricCell.swift in Sources */ = {isa = PBXBuildFile; fileRef = 2283DD3F28FF7D5C008EE94F /* HistoricCell.swift */; };
		2283DD4428FF9086008EE94F /* CustomStack.swift in Sources */ = {isa = PBXBuildFile; fileRef = 2283DD4328FF9086008EE94F /* CustomStack.swift */; };
		2283DD4728FF94E3008EE94F /* HistoricDataSource.swift in Sources */ = {isa = PBXBuildFile; fileRef = 2283DD4628FF94E3008EE94F /* HistoricDataSource.swift */; };
		2283DD4928FFACD9008EE94F /* CustomTableCell.swift in Sources */ = {isa = PBXBuildFile; fileRef = 2283DD4828FFACD9008EE94F /* CustomTableCell.swift */; };
		2283DD4C28FFB088008EE94F /* GeneralTableCell.swift in Sources */ = {isa = PBXBuildFile; fileRef = 2283DD4B28FFB088008EE94F /* GeneralTableCell.swift */; };
		2283DD4F28FFB109008EE94F /* CellData.swift in Sources */ = {isa = PBXBuildFile; fileRef = 2283DD4E28FFB109008EE94F /* CellData.swift */; };
		2283DD5128FFB17A008EE94F /* CellAction.swift in Sources */ = {isa = PBXBuildFile; fileRef = 2283DD5028FFB17A008EE94F /* CellAction.swift */; };
		2283DD5328FFB7F0008EE94F /* Localizable.strings in Resources */ = {isa = PBXBuildFile; fileRef = 2283DD5228FFB7EF008EE94F /* Localizable.strings */; };
		2283DD5528FFB824008EE94F /* String+Localized.swift in Sources */ = {isa = PBXBuildFile; fileRef = 2283DD5428FFB824008EE94F /* String+Localized.swift */; };
		2283DD5928FFBE44008EE94F /* SettingsController.swift in Sources */ = {isa = PBXBuildFile; fileRef = 2283DD5828FFBE44008EE94F /* SettingsController.swift */; };
		2283DD5C28FFBE5C008EE94F /* SettingsView.swift in Sources */ = {isa = PBXBuildFile; fileRef = 2283DD5B28FFBE5C008EE94F /* SettingsView.swift */; };
		2283DD5F28FFBE70008EE94F /* SettingsCell.swift in Sources */ = {isa = PBXBuildFile; fileRef = 2283DD5E28FFBE70008EE94F /* SettingsCell.swift */; };
		2283DD6228FFBEE0008EE94F /* SettingsDataSource.swift in Sources */ = {isa = PBXBuildFile; fileRef = 2283DD6128FFBEE0008EE94F /* SettingsDataSource.swift */; };
/* End PBXBuildFile section */

/* Begin PBXFileReference section */
		2246BEA42900C3DD001FE2C6 /* PointInfoController.swift */ = {isa = PBXFileReference; lastKnownFileType = sourcecode.swift; path = PointInfoController.swift; sourceTree = "<group>"; };
		2246BEA72900C3F6001FE2C6 /* PointInfoView.swift */ = {isa = PBXFileReference; lastKnownFileType = sourcecode.swift; path = PointInfoView.swift; sourceTree = "<group>"; };
		2246BEA92900C83C001FE2C6 /* PointInfoCell.swift */ = {isa = PBXFileReference; lastKnownFileType = sourcecode.swift; path = PointInfoCell.swift; sourceTree = "<group>"; };
		2246BEAD2900CCF5001FE2C6 /* PointInfoDataSource.swift */ = {isa = PBXFileReference; lastKnownFileType = sourcecode.swift; path = PointInfoDataSource.swift; sourceTree = "<group>"; };
		224C528D28FFDE910080C1C3 /* GeneralTableDelegate.swift */ = {isa = PBXFileReference; lastKnownFileType = sourcecode.swift; path = GeneralTableDelegate.swift; sourceTree = "<group>"; };
		2283DCAC28FE4F90008EE94F /* Ponto In Time.app */ = {isa = PBXFileReference; explicitFileType = wrapper.application; includeInIndex = 0; path = "Ponto In Time.app"; sourceTree = BUILT_PRODUCTS_DIR; };
		2283DCAF28FE4F90008EE94F /* AppDelegate.swift */ = {isa = PBXFileReference; lastKnownFileType = sourcecode.swift; path = AppDelegate.swift; sourceTree = "<group>"; };
		2283DCB128FE4F90008EE94F /* SceneDelegate.swift */ = {isa = PBXFileReference; lastKnownFileType = sourcecode.swift; path = SceneDelegate.swift; sourceTree = "<group>"; };
		2283DCB928FE4F90008EE94F /* Ponto_In_Time.xcdatamodel */ = {isa = PBXFileReference; lastKnownFileType = wrapper.xcdatamodel; path = Ponto_In_Time.xcdatamodel; sourceTree = "<group>"; };
		2283DCBB28FE4F92008EE94F /* Assets.xcassets */ = {isa = PBXFileReference; lastKnownFileType = folder.assetcatalog; path = Assets.xcassets; sourceTree = "<group>"; };
		2283DCBE28FE4F92008EE94F /* Base */ = {isa = PBXFileReference; lastKnownFileType = file.storyboard; name = Base; path = Base.lproj/LaunchScreen.storyboard; sourceTree = "<group>"; };
		2283DCC028FE4F92008EE94F /* Info.plist */ = {isa = PBXFileReference; lastKnownFileType = text.plist.xml; path = Info.plist; sourceTree = "<group>"; };
		2283DCD228FE51DB008EE94F /* MainController.swift */ = {isa = PBXFileReference; lastKnownFileType = sourcecode.swift; path = MainController.swift; sourceTree = "<group>"; };
		2283DCD628FE5297008EE94F /* UIViewController+setupTab.swift */ = {isa = PBXFileReference; fileEncoding = 4; lastKnownFileType = sourcecode.swift; path = "UIViewController+setupTab.swift"; sourceTree = "<group>"; };
		2283DCDC28FE52DA008EE94F /* UIButton+IconInfo.swift */ = {isa = PBXFileReference; fileEncoding = 4; lastKnownFileType = sourcecode.swift; path = "UIButton+IconInfo.swift"; sourceTree = "<group>"; };
		2283DCDD28FE52DA008EE94F /* AppIcons.swift */ = {isa = PBXFileReference; fileEncoding = 4; lastKnownFileType = sourcecode.swift; path = AppIcons.swift; sourceTree = "<group>"; };
		2283DCDE28FE52DA008EE94F /* UIImage+AppIcons.swift */ = {isa = PBXFileReference; fileEncoding = 4; lastKnownFileType = sourcecode.swift; path = "UIImage+AppIcons.swift"; sourceTree = "<group>"; };
		2283DCE028FE52DA008EE94F /* IconInfo.swift */ = {isa = PBXFileReference; fileEncoding = 4; lastKnownFileType = sourcecode.swift; path = IconInfo.swift; sourceTree = "<group>"; };
		2283DCE828FE64CC008EE94F /* Dimension.swift */ = {isa = PBXFileReference; fileEncoding = 4; lastKnownFileType = sourcecode.swift; path = Dimension.swift; sourceTree = "<group>"; };
		2283DCE928FE64CC008EE94F /* ScreenInfo.swift */ = {isa = PBXFileReference; fileEncoding = 4; lastKnownFileType = sourcecode.swift; path = ScreenInfo.swift; sourceTree = "<group>"; };
		2283DCEA28FE64CD008EE94F /* Screens.swift */ = {isa = PBXFileReference; fileEncoding = 4; lastKnownFileType = sourcecode.swift; path = Screens.swift; sourceTree = "<group>"; };
		2283DCEB28FE64CD008EE94F /* ScreenSize.swift */ = {isa = PBXFileReference; fileEncoding = 4; lastKnownFileType = sourcecode.swift; path = ScreenSize.swift; sourceTree = "<group>"; };
		2283DCEC28FE64CD008EE94F /* UIView+AdpativeLayout.swift */ = {isa = PBXFileReference; fileEncoding = 4; lastKnownFileType = sourcecode.swift; path = "UIView+AdpativeLayout.swift"; sourceTree = "<group>"; };
		2283DCED28FE64CD008EE94F /* AdaptiveLayout.swift */ = {isa = PBXFileReference; fileEncoding = 4; lastKnownFileType = sourcecode.swift; path = AdaptiveLayout.swift; sourceTree = "<group>"; };
		2283DCF928FE6563008EE94F /* CustomViews.swift */ = {isa = PBXFileReference; fileEncoding = 4; lastKnownFileType = sourcecode.swift; path = CustomViews.swift; sourceTree = "<group>"; };
		2283DCFD28FE6596008EE94F /* UILabel+FontInfo.swift */ = {isa = PBXFileReference; fileEncoding = 4; lastKnownFileType = sourcecode.swift; path = "UILabel+FontInfo.swift"; sourceTree = "<group>"; };
		2283DCFF28FE6596008EE94F /* UIFont+setupFont.swift */ = {isa = PBXFileReference; fileEncoding = 4; lastKnownFileType = sourcecode.swift; path = "UIFont+setupFont.swift"; sourceTree = "<group>"; };
		2283DD0028FE6596008EE94F /* UIButton+FontInfo.swift */ = {isa = PBXFileReference; fileEncoding = 4; lastKnownFileType = sourcecode.swift; path = "UIButton+FontInfo.swift"; sourceTree = "<group>"; };
		2283DD0528FE65A0008EE94F /* FontInfo.swift */ = {isa = PBXFileReference; fileEncoding = 4; lastKnownFileType = sourcecode.swift; path = FontInfo.swift; sourceTree = "<group>"; };
		2283DD0828FE6916008EE94F /* StatusView.swift */ = {isa = PBXFileReference; lastKnownFileType = sourcecode.swift; path = StatusView.swift; sourceTree = "<group>"; };
		2283DD0B28FE6B23008EE94F /* StatusViewStyle.swift */ = {isa = PBXFileReference; lastKnownFileType = sourcecode.swift; path = StatusViewStyle.swift; sourceTree = "<group>"; };
		2283DD0F28FE6B9F008EE94F /* AppColors.swift */ = {isa = PBXFileReference; fileEncoding = 4; lastKnownFileType = sourcecode.swift; path = AppColors.swift; sourceTree = "<group>"; };
		2283DD1028FE6B9F008EE94F /* UIColors+AppColors.swift */ = {isa = PBXFileReference; fileEncoding = 4; lastKnownFileType = sourcecode.swift; path = "UIColors+AppColors.swift"; sourceTree = "<group>"; };
		2283DD1E28FE867F008EE94F /* MenuController.swift */ = {isa = PBXFileReference; lastKnownFileType = sourcecode.swift; path = MenuController.swift; sourceTree = "<group>"; };
		2283DD2128FE86A4008EE94F /* MenuView.swift */ = {isa = PBXFileReference; lastKnownFileType = sourcecode.swift; path = MenuView.swift; sourceTree = "<group>"; };
		2283DD2428FEA4FD008EE94F /* MenuCell.swift */ = {isa = PBXFileReference; lastKnownFileType = sourcecode.swift; path = MenuCell.swift; sourceTree = "<group>"; };
		2283DD2728FEA7D9008EE94F /* InfoMenuDataSource.swift */ = {isa = PBXFileReference; lastKnownFileType = sourcecode.swift; path = InfoMenuDataSource.swift; sourceTree = "<group>"; };
		2283DD2D28FF3B5C008EE94F /* ActionType.swift */ = {isa = PBXFileReference; lastKnownFileType = sourcecode.swift; path = ActionType.swift; sourceTree = "<group>"; };
		2283DD2F28FF4858008EE94F /* CustomTable.swift */ = {isa = PBXFileReference; lastKnownFileType = sourcecode.swift; path = CustomTable.swift; sourceTree = "<group>"; };
		2283DD3228FF6F60008EE94F /* TableStyles.swift */ = {isa = PBXFileReference; lastKnownFileType = sourcecode.swift; path = TableStyles.swift; sourceTree = "<group>"; };
		2283DD3528FF6FCA008EE94F /* TableDataCount.swift */ = {isa = PBXFileReference; lastKnownFileType = sourcecode.swift; path = TableDataCount.swift; sourceTree = "<group>"; };
		2283DD3728FF7901008EE94F /* CustomCell.swift */ = {isa = PBXFileReference; lastKnownFileType = sourcecode.swift; path = CustomCell.swift; sourceTree = "<group>"; };
		2283DD3A28FF7BF5008EE94F /* HistoricController.swift */ = {isa = PBXFileReference; lastKnownFileType = sourcecode.swift; path = HistoricController.swift; sourceTree = "<group>"; };
		2283DD3D28FF7C08008EE94F /* HistoricView.swift */ = {isa = PBXFileReference; lastKnownFileType = sourcecode.swift; path = HistoricView.swift; sourceTree = "<group>"; };
		2283DD3F28FF7D5C008EE94F /* HistoricCell.swift */ = {isa = PBXFileReference; lastKnownFileType = sourcecode.swift; path = HistoricCell.swift; sourceTree = "<group>"; };
		2283DD4328FF9086008EE94F /* CustomStack.swift */ = {isa = PBXFileReference; lastKnownFileType = sourcecode.swift; path = CustomStack.swift; sourceTree = "<group>"; };
		2283DD4628FF94E3008EE94F /* HistoricDataSource.swift */ = {isa = PBXFileReference; lastKnownFileType = sourcecode.swift; path = HistoricDataSource.swift; sourceTree = "<group>"; };
		2283DD4828FFACD9008EE94F /* CustomTableCell.swift */ = {isa = PBXFileReference; lastKnownFileType = sourcecode.swift; path = CustomTableCell.swift; sourceTree = "<group>"; };
		2283DD4B28FFB088008EE94F /* GeneralTableCell.swift */ = {isa = PBXFileReference; lastKnownFileType = sourcecode.swift; path = GeneralTableCell.swift; sourceTree = "<group>"; };
		2283DD4E28FFB109008EE94F /* CellData.swift */ = {isa = PBXFileReference; lastKnownFileType = sourcecode.swift; path = CellData.swift; sourceTree = "<group>"; };
		2283DD5028FFB17A008EE94F /* CellAction.swift */ = {isa = PBXFileReference; lastKnownFileType = sourcecode.swift; path = CellAction.swift; sourceTree = "<group>"; };
		2283DD5228FFB7EF008EE94F /* Localizable.strings */ = {isa = PBXFileReference; lastKnownFileType = text.plist.strings; path = Localizable.strings; sourceTree = "<group>"; };
		2283DD5428FFB824008EE94F /* String+Localized.swift */ = {isa = PBXFileReference; lastKnownFileType = sourcecode.swift; path = "String+Localized.swift"; sourceTree = "<group>"; };
		2283DD5828FFBE44008EE94F /* SettingsController.swift */ = {isa = PBXFileReference; lastKnownFileType = sourcecode.swift; path = SettingsController.swift; sourceTree = "<group>"; };
		2283DD5B28FFBE5C008EE94F /* SettingsView.swift */ = {isa = PBXFileReference; lastKnownFileType = sourcecode.swift; path = SettingsView.swift; sourceTree = "<group>"; };
		2283DD5E28FFBE70008EE94F /* SettingsCell.swift */ = {isa = PBXFileReference; lastKnownFileType = sourcecode.swift; path = SettingsCell.swift; sourceTree = "<group>"; };
		2283DD6128FFBEE0008EE94F /* SettingsDataSource.swift */ = {isa = PBXFileReference; lastKnownFileType = sourcecode.swift; path = SettingsDataSource.swift; sourceTree = "<group>"; };
/* End PBXFileReference section */

/* Begin PBXFrameworksBuildPhase section */
		2283DCA928FE4F90008EE94F /* Frameworks */ = {
			isa = PBXFrameworksBuildPhase;
			buildActionMask = 2147483647;
			files = (
			);
			runOnlyForDeploymentPostprocessing = 0;
		};
/* End PBXFrameworksBuildPhase section */

/* Begin PBXGroup section */
		2246BEA32900C3C1001FE2C6 /* PointInfo */ = {
			isa = PBXGroup;
			children = (
				2246BEAC2900CCC7001FE2C6 /* Data Source */,
				2246BEA62900C3E0001FE2C6 /* View */,
				2246BEA42900C3DD001FE2C6 /* PointInfoController.swift */,
			);
			path = PointInfo;
			sourceTree = "<group>";
		};
		2246BEA62900C3E0001FE2C6 /* View */ = {
			isa = PBXGroup;
			children = (
				2246BEAB2900CCC0001FE2C6 /* Cell */,
				2246BEA72900C3F6001FE2C6 /* PointInfoView.swift */,
			);
			path = View;
			sourceTree = "<group>";
		};
		2246BEAB2900CCC0001FE2C6 /* Cell */ = {
			isa = PBXGroup;
			children = (
				2246BEA92900C83C001FE2C6 /* PointInfoCell.swift */,
			);
			path = Cell;
			sourceTree = "<group>";
		};
		2246BEAC2900CCC7001FE2C6 /* Data Source */ = {
			isa = PBXGroup;
			children = (
				2246BEAD2900CCF5001FE2C6 /* PointInfoDataSource.swift */,
			);
			path = "Data Source";
			sourceTree = "<group>";
		};
		2283DCA328FE4F90008EE94F = {
			isa = PBXGroup;
			children = (
				2283DCC628FE4F98008EE94F /* Shared */,
				2283DCAE28FE4F90008EE94F /* iOS-App */,
				2283DCAD28FE4F90008EE94F /* Products */,
			);
			sourceTree = "<group>";
		};
		2283DCAD28FE4F90008EE94F /* Products */ = {
			isa = PBXGroup;
			children = (
				2283DCAC28FE4F90008EE94F /* Ponto In Time.app */,
			);
			name = Products;
			sourceTree = "<group>";
		};
		2283DCAE28FE4F90008EE94F /* iOS-App */ = {
			isa = PBXGroup;
			children = (
				2283DCC828FE4FAF008EE94F /* General */,
				2283DCCB28FE4FD0008EE94F /* Screens */,
				2283DCC028FE4F92008EE94F /* Info.plist */,
			);
			path = "iOS-App";
			sourceTree = "<group>";
		};
		2283DCC628FE4F98008EE94F /* Shared */ = {
			isa = PBXGroup;
			children = (
				2283DD2928FF311A008EE94F /* Models */,
				2283DCCD28FE4FF3008EE94F /* Assets */,
				2283DCCE28FE4FFC008EE94F /* Storage */,
				2283DCD028FE502A008EE94F /* Design System */,
				2283DCD128FE50E2008EE94F /* Localization */,
			);
			path = Shared;
			sourceTree = "<group>";
		};
		2283DCC828FE4FAF008EE94F /* General */ = {
			isa = PBXGroup;
			children = (
				2283DD3428FF6F9C008EE94F /* Protocolo */,
				2283DCD428FE5287008EE94F /* Extensions */,
				2283DCC928FE4FBA008EE94F /* Delegate */,
			);
			path = General;
			sourceTree = "<group>";
		};
		2283DCC928FE4FBA008EE94F /* Delegate */ = {
			isa = PBXGroup;
			children = (
				2283DCCA28FE4FC0008EE94F /* System */,
				224C528D28FFDE910080C1C3 /* GeneralTableDelegate.swift */,
			);
			path = Delegate;
			sourceTree = "<group>";
		};
		2283DCCA28FE4FC0008EE94F /* System */ = {
			isa = PBXGroup;
			children = (
				2283DCB128FE4F90008EE94F /* SceneDelegate.swift */,
				2283DCAF28FE4F90008EE94F /* AppDelegate.swift */,
			);
			path = System;
			sourceTree = "<group>";
		};
		2283DCCB28FE4FD0008EE94F /* Screens */ = {
			isa = PBXGroup;
			children = (
				2283DCCC28FE4FE4008EE94F /* Main */,
				2283DD1D28FE866F008EE94F /* Menu */,
				2283DD3928FF7BB9008EE94F /* HIstoric */,
				2283DD5728FFBE2F008EE94F /* Settings */,
				2246BEA32900C3C1001FE2C6 /* PointInfo */,
			);
			path = Screens;
			sourceTree = "<group>";
		};
		2283DCCC28FE4FE4008EE94F /* Main */ = {
			isa = PBXGroup;
			children = (
				2283DCE728FE549B008EE94F /* Launch */,
				2283DCD228FE51DB008EE94F /* MainController.swift */,
			);
			path = Main;
			sourceTree = "<group>";
		};
		2283DCCD28FE4FF3008EE94F /* Assets */ = {
			isa = PBXGroup;
			children = (
				2283DCBB28FE4F92008EE94F /* Assets.xcassets */,
			);
			path = Assets;
			sourceTree = "<group>";
		};
		2283DCCE28FE4FFC008EE94F /* Storage */ = {
			isa = PBXGroup;
			children = (
				2283DCCF28FE5006008EE94F /* Core Data */,
			);
			path = Storage;
			sourceTree = "<group>";
		};
		2283DCCF28FE5006008EE94F /* Core Data */ = {
			isa = PBXGroup;
			children = (
				2283DCB828FE4F90008EE94F /* mainDataBase.xcdatamodeld */,
			);
			path = "Core Data";
			sourceTree = "<group>";
		};
		2283DCD028FE502A008EE94F /* Design System */ = {
			isa = PBXGroup;
			children = (
				2283DCF428FE64D0008EE94F /* Adaptive Layout */,
				2283DD0728FE68F4008EE94F /* Components */,
				2283DCFB28FE6585008EE94F /* Font */,
				2283DCDB28FE52C7008EE94F /* Icons */,
				2283DD0D28FE6B8C008EE94F /* Color */,
			);
			path = "Design System";
			sourceTree = "<group>";
		};
		2283DCD128FE50E2008EE94F /* Localization */ = {
			isa = PBXGroup;
			children = (
				2283DD5628FFB862008EE94F /* Extension */,
				2283DD5228FFB7EF008EE94F /* Localizable.strings */,
			);
			path = Localization;
			sourceTree = "<group>";
		};
		2283DCD428FE5287008EE94F /* Extensions */ = {
			isa = PBXGroup;
			children = (
				2283DCD628FE5297008EE94F /* UIViewController+setupTab.swift */,
			);
			path = Extensions;
			sourceTree = "<group>";
		};
		2283DCDB28FE52C7008EE94F /* Icons */ = {
			isa = PBXGroup;
			children = (
				2283DCE628FE52FA008EE94F /* Extension */,
				2283DCDD28FE52DA008EE94F /* AppIcons.swift */,
				2283DCE028FE52DA008EE94F /* IconInfo.swift */,
			);
			path = Icons;
			sourceTree = "<group>";
		};
		2283DCE628FE52FA008EE94F /* Extension */ = {
			isa = PBXGroup;
			children = (
				2283DCDC28FE52DA008EE94F /* UIButton+IconInfo.swift */,
				2283DCDE28FE52DA008EE94F /* UIImage+AppIcons.swift */,
			);
			path = Extension;
			sourceTree = "<group>";
		};
		2283DCE728FE549B008EE94F /* Launch */ = {
			isa = PBXGroup;
			children = (
				2283DCBD28FE4F92008EE94F /* LaunchScreen.storyboard */,
			);
			path = Launch;
			sourceTree = "<group>";
		};
		2283DCF428FE64D0008EE94F /* Adaptive Layout */ = {
			isa = PBXGroup;
			children = (
				2283DCF528FE64E4008EE94F /* Protocols */,
				2283DCF628FE64FB008EE94F /* Models */,
				2283DCEC28FE64CD008EE94F /* UIView+AdpativeLayout.swift */,
			);
			path = "Adaptive Layout";
			sourceTree = "<group>";
		};
		2283DCF528FE64E4008EE94F /* Protocols */ = {
			isa = PBXGroup;
			children = (
				2283DCEB28FE64CD008EE94F /* ScreenSize.swift */,
				2283DCED28FE64CD008EE94F /* AdaptiveLayout.swift */,
			);
			path = Protocols;
			sourceTree = "<group>";
		};
		2283DCF628FE64FB008EE94F /* Models */ = {
			isa = PBXGroup;
			children = (
				2283DCF728FE6504008EE94F /* Enum */,
				2283DCE928FE64CC008EE94F /* ScreenInfo.swift */,
			);
			path = Models;
			sourceTree = "<group>";
		};
		2283DCF728FE6504008EE94F /* Enum */ = {
			isa = PBXGroup;
			children = (
				2283DCE828FE64CC008EE94F /* Dimension.swift */,
				2283DCEA28FE64CD008EE94F /* Screens.swift */,
			);
			path = Enum;
			sourceTree = "<group>";
		};
		2283DCFB28FE6585008EE94F /* Font */ = {
			isa = PBXGroup;
			children = (
				2283DCFC28FE658D008EE94F /* Extensions */,
				2283DD0528FE65A0008EE94F /* FontInfo.swift */,
			);
			path = Font;
			sourceTree = "<group>";
		};
		2283DCFC28FE658D008EE94F /* Extensions */ = {
			isa = PBXGroup;
			children = (
				2283DCFF28FE6596008EE94F /* UIFont+setupFont.swift */,
				2283DCFD28FE6596008EE94F /* UILabel+FontInfo.swift */,
				2283DD0028FE6596008EE94F /* UIButton+FontInfo.swift */,
			);
			path = Extensions;
			sourceTree = "<group>";
		};
		2283DD0728FE68F4008EE94F /* Components */ = {
			isa = PBXGroup;
			children = (
				2283DD4A28FFB066008EE94F /* GeneralCell */,
				2283DD4228FF906C008EE94F /* CustomStack */,
				2283DD3128FF6F40008EE94F /* CustomTable */,
				2283DD0A28FE6B10008EE94F /* StatusView */,
				2283DCF928FE6563008EE94F /* CustomViews.swift */,
			);
			path = Components;
			sourceTree = "<group>";
		};
		2283DD0A28FE6B10008EE94F /* StatusView */ = {
			isa = PBXGroup;
			children = (
				2283DD0B28FE6B23008EE94F /* StatusViewStyle.swift */,
				2283DD0828FE6916008EE94F /* StatusView.swift */,
			);
			path = StatusView;
			sourceTree = "<group>";
		};
		2283DD0D28FE6B8C008EE94F /* Color */ = {
			isa = PBXGroup;
			children = (
				2283DD1428FE6CCD008EE94F /* Extension */,
				2283DD0F28FE6B9F008EE94F /* AppColors.swift */,
			);
			path = Color;
			sourceTree = "<group>";
		};
		2283DD1428FE6CCD008EE94F /* Extension */ = {
			isa = PBXGroup;
			children = (
				2283DD1028FE6B9F008EE94F /* UIColors+AppColors.swift */,
			);
			path = Extension;
			sourceTree = "<group>";
		};
		2283DD1D28FE866F008EE94F /* Menu */ = {
			isa = PBXGroup;
			children = (
				2283DD2628FEA7BC008EE94F /* Data Source */,
				2283DD2028FE8683008EE94F /* View */,
				2283DD1E28FE867F008EE94F /* MenuController.swift */,
			);
			path = Menu;
			sourceTree = "<group>";
		};
		2283DD2028FE8683008EE94F /* View */ = {
			isa = PBXGroup;
			children = (
				2283DD2328FEA4DF008EE94F /* Cell */,
				2283DD2128FE86A4008EE94F /* MenuView.swift */,
			);
			path = View;
			sourceTree = "<group>";
		};
		2283DD2328FEA4DF008EE94F /* Cell */ = {
			isa = PBXGroup;
			children = (
				2283DD2428FEA4FD008EE94F /* MenuCell.swift */,
			);
			path = Cell;
			sourceTree = "<group>";
		};
		2283DD2628FEA7BC008EE94F /* Data Source */ = {
			isa = PBXGroup;
			children = (
				2283DD2728FEA7D9008EE94F /* InfoMenuDataSource.swift */,
			);
			path = "Data Source";
			sourceTree = "<group>";
		};
		2283DD2928FF311A008EE94F /* Models */ = {
			isa = PBXGroup;
			children = (
				2283DD4D28FFB0F2008EE94F /* Cells */,
			);
			path = Models;
			sourceTree = "<group>";
		};
		2283DD3128FF6F40008EE94F /* CustomTable */ = {
			isa = PBXGroup;
			children = (
				2283DD3228FF6F60008EE94F /* TableStyles.swift */,
				2283DD2F28FF4858008EE94F /* CustomTable.swift */,
			);
			path = CustomTable;
			sourceTree = "<group>";
		};
		2283DD3428FF6F9C008EE94F /* Protocolo */ = {
			isa = PBXGroup;
			children = (
				2283DD3528FF6FCA008EE94F /* TableDataCount.swift */,
				2283DD3728FF7901008EE94F /* CustomCell.swift */,
			);
			path = Protocolo;
			sourceTree = "<group>";
		};
		2283DD3928FF7BB9008EE94F /* HIstoric */ = {
			isa = PBXGroup;
			children = (
				2283DD4528FF94BE008EE94F /* Data Source */,
				2283DD3C28FF7BF9008EE94F /* View */,
				2283DD3A28FF7BF5008EE94F /* HistoricController.swift */,
			);
			path = HIstoric;
			sourceTree = "<group>";
		};
		2283DD3C28FF7BF9008EE94F /* View */ = {
			isa = PBXGroup;
			children = (
				2283DD4128FF7D60008EE94F /* Cell */,
				2283DD3D28FF7C08008EE94F /* HistoricView.swift */,
			);
			path = View;
			sourceTree = "<group>";
		};
		2283DD4128FF7D60008EE94F /* Cell */ = {
			isa = PBXGroup;
			children = (
				2283DD3F28FF7D5C008EE94F /* HistoricCell.swift */,
			);
			path = Cell;
			sourceTree = "<group>";
		};
		2283DD4228FF906C008EE94F /* CustomStack */ = {
			isa = PBXGroup;
			children = (
				2283DD4328FF9086008EE94F /* CustomStack.swift */,
			);
			path = CustomStack;
			sourceTree = "<group>";
		};
		2283DD4528FF94BE008EE94F /* Data Source */ = {
			isa = PBXGroup;
			children = (
				2283DD4628FF94E3008EE94F /* HistoricDataSource.swift */,
			);
			path = "Data Source";
			sourceTree = "<group>";
		};
		2283DD4A28FFB066008EE94F /* GeneralCell */ = {
			isa = PBXGroup;
			children = (
				2283DD4828FFACD9008EE94F /* CustomTableCell.swift */,
				2283DD4B28FFB088008EE94F /* GeneralTableCell.swift */,
			);
			path = GeneralCell;
			sourceTree = "<group>";
		};
		2283DD4D28FFB0F2008EE94F /* Cells */ = {
			isa = PBXGroup;
			children = (
				2283DD2D28FF3B5C008EE94F /* ActionType.swift */,
				2283DD4E28FFB109008EE94F /* CellData.swift */,
				2283DD5028FFB17A008EE94F /* CellAction.swift */,
			);
			path = Cells;
			sourceTree = "<group>";
		};
		2283DD5628FFB862008EE94F /* Extension */ = {
			isa = PBXGroup;
			children = (
				2283DD5428FFB824008EE94F /* String+Localized.swift */,
			);
			path = Extension;
			sourceTree = "<group>";
		};
		2283DD5728FFBE2F008EE94F /* Settings */ = {
			isa = PBXGroup;
			children = (
				2283DD6028FFBEBA008EE94F /* Data Source */,
				2283DD5A28FFBE49008EE94F /* View */,
				2283DD5828FFBE44008EE94F /* SettingsController.swift */,
			);
			path = Settings;
			sourceTree = "<group>";
		};
		2283DD5A28FFBE49008EE94F /* View */ = {
			isa = PBXGroup;
			children = (
				2283DD5D28FFBE60008EE94F /* Cell */,
				2283DD5B28FFBE5C008EE94F /* SettingsView.swift */,
			);
			path = View;
			sourceTree = "<group>";
		};
		2283DD5D28FFBE60008EE94F /* Cell */ = {
			isa = PBXGroup;
			children = (
				2283DD5E28FFBE70008EE94F /* SettingsCell.swift */,
			);
			path = Cell;
			sourceTree = "<group>";
		};
		2283DD6028FFBEBA008EE94F /* Data Source */ = {
			isa = PBXGroup;
			children = (
				2283DD6128FFBEE0008EE94F /* SettingsDataSource.swift */,
			);
			path = "Data Source";
			sourceTree = "<group>";
		};
/* End PBXGroup section */

/* Begin PBXNativeTarget section */
		2283DCAB28FE4F90008EE94F /* Ponto In Time */ = {
			isa = PBXNativeTarget;
			buildConfigurationList = 2283DCC328FE4F92008EE94F /* Build configuration list for PBXNativeTarget "Ponto In Time" */;
			buildPhases = (
				2283DCA828FE4F90008EE94F /* Sources */,
				2283DCA928FE4F90008EE94F /* Frameworks */,
				2283DCAA28FE4F90008EE94F /* Resources */,
			);
			buildRules = (
			);
			dependencies = (
			);
			name = "Ponto In Time";
			productName = "Ponto In Time";
			productReference = 2283DCAC28FE4F90008EE94F /* Ponto In Time.app */;
			productType = "com.apple.product-type.application";
		};
/* End PBXNativeTarget section */

/* Begin PBXProject section */
		2283DCA428FE4F90008EE94F /* Project object */ = {
			isa = PBXProject;
			attributes = {
				BuildIndependentTargetsInParallel = 1;
				LastSwiftUpdateCheck = 1400;
				LastUpgradeCheck = 1400;
				TargetAttributes = {
					2283DCAB28FE4F90008EE94F = {
						CreatedOnToolsVersion = 14.0.1;
					};
				};
			};
			buildConfigurationList = 2283DCA728FE4F90008EE94F /* Build configuration list for PBXProject "Ponto In Time" */;
			compatibilityVersion = "Xcode 14.0";
			developmentRegion = en;
			hasScannedForEncodings = 0;
			knownRegions = (
				en,
				Base,
			);
			mainGroup = 2283DCA328FE4F90008EE94F;
			productRefGroup = 2283DCAD28FE4F90008EE94F /* Products */;
			projectDirPath = "";
			projectRoot = "";
			targets = (
				2283DCAB28FE4F90008EE94F /* Ponto In Time */,
			);
		};
/* End PBXProject section */

/* Begin PBXResourcesBuildPhase section */
		2283DCAA28FE4F90008EE94F /* Resources */ = {
			isa = PBXResourcesBuildPhase;
			buildActionMask = 2147483647;
			files = (
				2283DCBF28FE4F92008EE94F /* LaunchScreen.storyboard in Resources */,
				2283DD5328FFB7F0008EE94F /* Localizable.strings in Resources */,
				2283DCBC28FE4F92008EE94F /* Assets.xcassets in Resources */,
			);
			runOnlyForDeploymentPostprocessing = 0;
		};
/* End PBXResourcesBuildPhase section */

/* Begin PBXSourcesBuildPhase section */
		2283DCA828FE4F90008EE94F /* Sources */ = {
			isa = PBXSourcesBuildPhase;
			buildActionMask = 2147483647;
			files = (
				2283DD5F28FFBE70008EE94F /* SettingsCell.swift in Sources */,
				2283DD0128FE6597008EE94F /* UILabel+FontInfo.swift in Sources */,
				2283DCF128FE64CD008EE94F /* ScreenSize.swift in Sources */,
				2283DD2528FEA4FD008EE94F /* MenuCell.swift in Sources */,
				2283DD4728FF94E3008EE94F /* HistoricDataSource.swift in Sources */,
				2283DD2E28FF3B5C008EE94F /* ActionType.swift in Sources */,
				224C528E28FFDE910080C1C3 /* GeneralTableDelegate.swift in Sources */,
				2283DD0928FE6916008EE94F /* StatusView.swift in Sources */,
				2283DCE128FE52DA008EE94F /* UIButton+IconInfo.swift in Sources */,
				2283DCD928FE5297008EE94F /* UIViewController+setupTab.swift in Sources */,
				2283DD0C28FE6B23008EE94F /* StatusViewStyle.swift in Sources */,
				2283DD4C28FFB088008EE94F /* GeneralTableCell.swift in Sources */,
				2283DD3628FF6FCA008EE94F /* TableDataCount.swift in Sources */,
				2283DD4928FFACD9008EE94F /* CustomTableCell.swift in Sources */,
				2283DCF328FE64CD008EE94F /* AdaptiveLayout.swift in Sources */,
				2283DD4F28FFB109008EE94F /* CellData.swift in Sources */,
				2283DCE328FE52DA008EE94F /* UIImage+AppIcons.swift in Sources */,
				2283DD3828FF7901008EE94F /* CustomCell.swift in Sources */,
				2283DD5928FFBE44008EE94F /* SettingsController.swift in Sources */,
				2283DD3328FF6F60008EE94F /* TableStyles.swift in Sources */,
				2283DCFA28FE6563008EE94F /* CustomViews.swift in Sources */,
				2283DCF028FE64CD008EE94F /* Screens.swift in Sources */,
				2283DCEF28FE64CD008EE94F /* ScreenInfo.swift in Sources */,
				2283DD3028FF4858008EE94F /* CustomTable.swift in Sources */,
				2283DD3E28FF7C08008EE94F /* HistoricView.swift in Sources */,
				2283DD0428FE6597008EE94F /* UIButton+FontInfo.swift in Sources */,
				2283DD6228FFBEE0008EE94F /* SettingsDataSource.swift in Sources */,
				2283DD1228FE6B9F008EE94F /* AppColors.swift in Sources */,
				2283DD0628FE65A0008EE94F /* FontInfo.swift in Sources */,
				2246BEAE2900CCF5001FE2C6 /* PointInfoDataSource.swift in Sources */,
				2246BEAA2900C83C001FE2C6 /* PointInfoCell.swift in Sources */,
				2283DD5528FFB824008EE94F /* String+Localized.swift in Sources */,
				2283DD2828FEA7D9008EE94F /* InfoMenuDataSource.swift in Sources */,
				2283DD0328FE6597008EE94F /* UIFont+setupFont.swift in Sources */,
				2283DCD328FE51DB008EE94F /* MainController.swift in Sources */,
				2246BEA52900C3DD001FE2C6 /* PointInfoController.swift in Sources */,
				2283DD5C28FFBE5C008EE94F /* SettingsView.swift in Sources */,
				2283DD1328FE6B9F008EE94F /* UIColors+AppColors.swift in Sources */,
				2283DCE228FE52DA008EE94F /* AppIcons.swift in Sources */,
				2283DD4028FF7D5C008EE94F /* HistoricCell.swift in Sources */,
				2283DCF228FE64CD008EE94F /* UIView+AdpativeLayout.swift in Sources */,
				2283DD4428FF9086008EE94F /* CustomStack.swift in Sources */,
				2283DD5128FFB17A008EE94F /* CellAction.swift in Sources */,
				2283DD3B28FF7BF5008EE94F /* HistoricController.swift in Sources */,
				2283DCE528FE52DA008EE94F /* IconInfo.swift in Sources */,
				2246BEA82900C3F6001FE2C6 /* PointInfoView.swift in Sources */,
				2283DCB028FE4F90008EE94F /* AppDelegate.swift in Sources */,
				2283DD2228FE86A4008EE94F /* MenuView.swift in Sources */,
				2283DCBA28FE4F90008EE94F /* mainDataBase.xcdatamodeld in Sources */,
				2283DCEE28FE64CD008EE94F /* Dimension.swift in Sources */,
				2283DD1F28FE867F008EE94F /* MenuController.swift in Sources */,
				2283DCB228FE4F90008EE94F /* SceneDelegate.swift in Sources */,
			);
			runOnlyForDeploymentPostprocessing = 0;
		};
/* End PBXSourcesBuildPhase section */

/* Begin PBXVariantGroup section */
		2283DCBD28FE4F92008EE94F /* LaunchScreen.storyboard */ = {
			isa = PBXVariantGroup;
			children = (
				2283DCBE28FE4F92008EE94F /* Base */,
			);
			name = LaunchScreen.storyboard;
			sourceTree = "<group>";
		};
/* End PBXVariantGroup section */

/* Begin XCBuildConfiguration section */
		2283DCC128FE4F92008EE94F /* Debug */ = {
			isa = XCBuildConfiguration;
			buildSettings = {
				ALWAYS_SEARCH_USER_PATHS = NO;
				CLANG_ANALYZER_NONNULL = YES;
				CLANG_ANALYZER_NUMBER_OBJECT_CONVERSION = YES_AGGRESSIVE;
				CLANG_CXX_LANGUAGE_STANDARD = "gnu++20";
				CLANG_ENABLE_MODULES = YES;
				CLANG_ENABLE_OBJC_ARC = YES;
				CLANG_ENABLE_OBJC_WEAK = YES;
				CLANG_WARN_BLOCK_CAPTURE_AUTORELEASING = YES;
				CLANG_WARN_BOOL_CONVERSION = YES;
				CLANG_WARN_COMMA = YES;
				CLANG_WARN_CONSTANT_CONVERSION = YES;
				CLANG_WARN_DEPRECATED_OBJC_IMPLEMENTATIONS = YES;
				CLANG_WARN_DIRECT_OBJC_ISA_USAGE = YES_ERROR;
				CLANG_WARN_DOCUMENTATION_COMMENTS = YES;
				CLANG_WARN_EMPTY_BODY = YES;
				CLANG_WARN_ENUM_CONVERSION = YES;
				CLANG_WARN_INFINITE_RECURSION = YES;
				CLANG_WARN_INT_CONVERSION = YES;
				CLANG_WARN_NON_LITERAL_NULL_CONVERSION = YES;
				CLANG_WARN_OBJC_IMPLICIT_RETAIN_SELF = YES;
				CLANG_WARN_OBJC_LITERAL_CONVERSION = YES;
				CLANG_WARN_OBJC_ROOT_CLASS = YES_ERROR;
				CLANG_WARN_QUOTED_INCLUDE_IN_FRAMEWORK_HEADER = YES;
				CLANG_WARN_RANGE_LOOP_ANALYSIS = YES;
				CLANG_WARN_STRICT_PROTOTYPES = YES;
				CLANG_WARN_SUSPICIOUS_MOVE = YES;
				CLANG_WARN_UNGUARDED_AVAILABILITY = YES_AGGRESSIVE;
				CLANG_WARN_UNREACHABLE_CODE = YES;
				CLANG_WARN__DUPLICATE_METHOD_MATCH = YES;
				COPY_PHASE_STRIP = NO;
				DEBUG_INFORMATION_FORMAT = dwarf;
				ENABLE_STRICT_OBJC_MSGSEND = YES;
				ENABLE_TESTABILITY = YES;
				GCC_C_LANGUAGE_STANDARD = gnu11;
				GCC_DYNAMIC_NO_PIC = NO;
				GCC_NO_COMMON_BLOCKS = YES;
				GCC_OPTIMIZATION_LEVEL = 0;
				GCC_PREPROCESSOR_DEFINITIONS = (
					"DEBUG=1",
					"$(inherited)",
				);
				GCC_WARN_64_TO_32_BIT_CONVERSION = YES;
				GCC_WARN_ABOUT_RETURN_TYPE = YES_ERROR;
				GCC_WARN_UNDECLARED_SELECTOR = YES;
				GCC_WARN_UNINITIALIZED_AUTOS = YES_AGGRESSIVE;
				GCC_WARN_UNUSED_FUNCTION = YES;
				GCC_WARN_UNUSED_VARIABLE = YES;
				IPHONEOS_DEPLOYMENT_TARGET = 14.5;
				MTL_ENABLE_DEBUG_INFO = INCLUDE_SOURCE;
				MTL_FAST_MATH = YES;
				ONLY_ACTIVE_ARCH = YES;
				SDKROOT = iphoneos;
				SWIFT_ACTIVE_COMPILATION_CONDITIONS = DEBUG;
				SWIFT_OPTIMIZATION_LEVEL = "-Onone";
			};
			name = Debug;
		};
		2283DCC228FE4F92008EE94F /* Release */ = {
			isa = XCBuildConfiguration;
			buildSettings = {
				ALWAYS_SEARCH_USER_PATHS = NO;
				CLANG_ANALYZER_NONNULL = YES;
				CLANG_ANALYZER_NUMBER_OBJECT_CONVERSION = YES_AGGRESSIVE;
				CLANG_CXX_LANGUAGE_STANDARD = "gnu++20";
				CLANG_ENABLE_MODULES = YES;
				CLANG_ENABLE_OBJC_ARC = YES;
				CLANG_ENABLE_OBJC_WEAK = YES;
				CLANG_WARN_BLOCK_CAPTURE_AUTORELEASING = YES;
				CLANG_WARN_BOOL_CONVERSION = YES;
				CLANG_WARN_COMMA = YES;
				CLANG_WARN_CONSTANT_CONVERSION = YES;
				CLANG_WARN_DEPRECATED_OBJC_IMPLEMENTATIONS = YES;
				CLANG_WARN_DIRECT_OBJC_ISA_USAGE = YES_ERROR;
				CLANG_WARN_DOCUMENTATION_COMMENTS = YES;
				CLANG_WARN_EMPTY_BODY = YES;
				CLANG_WARN_ENUM_CONVERSION = YES;
				CLANG_WARN_INFINITE_RECURSION = YES;
				CLANG_WARN_INT_CONVERSION = YES;
				CLANG_WARN_NON_LITERAL_NULL_CONVERSION = YES;
				CLANG_WARN_OBJC_IMPLICIT_RETAIN_SELF = YES;
				CLANG_WARN_OBJC_LITERAL_CONVERSION = YES;
				CLANG_WARN_OBJC_ROOT_CLASS = YES_ERROR;
				CLANG_WARN_QUOTED_INCLUDE_IN_FRAMEWORK_HEADER = YES;
				CLANG_WARN_RANGE_LOOP_ANALYSIS = YES;
				CLANG_WARN_STRICT_PROTOTYPES = YES;
				CLANG_WARN_SUSPICIOUS_MOVE = YES;
				CLANG_WARN_UNGUARDED_AVAILABILITY = YES_AGGRESSIVE;
				CLANG_WARN_UNREACHABLE_CODE = YES;
				CLANG_WARN__DUPLICATE_METHOD_MATCH = YES;
				COPY_PHASE_STRIP = NO;
				DEBUG_INFORMATION_FORMAT = "dwarf-with-dsym";
				ENABLE_NS_ASSERTIONS = NO;
				ENABLE_STRICT_OBJC_MSGSEND = YES;
				GCC_C_LANGUAGE_STANDARD = gnu11;
				GCC_NO_COMMON_BLOCKS = YES;
				GCC_WARN_64_TO_32_BIT_CONVERSION = YES;
				GCC_WARN_ABOUT_RETURN_TYPE = YES_ERROR;
				GCC_WARN_UNDECLARED_SELECTOR = YES;
				GCC_WARN_UNINITIALIZED_AUTOS = YES_AGGRESSIVE;
				GCC_WARN_UNUSED_FUNCTION = YES;
				GCC_WARN_UNUSED_VARIABLE = YES;
				IPHONEOS_DEPLOYMENT_TARGET = 14.5;
				MTL_ENABLE_DEBUG_INFO = NO;
				MTL_FAST_MATH = YES;
				SDKROOT = iphoneos;
				SWIFT_COMPILATION_MODE = wholemodule;
				SWIFT_OPTIMIZATION_LEVEL = "-O";
				VALIDATE_PRODUCT = YES;
			};
			name = Release;
		};
		2283DCC428FE4F92008EE94F /* Debug */ = {
			isa = XCBuildConfiguration;
			buildSettings = {
				ASSETCATALOG_COMPILER_APPICON_NAME = AppIcon;
				ASSETCATALOG_COMPILER_GLOBAL_ACCENT_COLOR_NAME = AccentColor;
				CODE_SIGN_STYLE = Automatic;
				CURRENT_PROJECT_VERSION = 1;
				DEVELOPMENT_TEAM = 534V229RMK;
				GENERATE_INFOPLIST_FILE = YES;
				INFOPLIST_FILE = "iOS-App/Info.plist";
				INFOPLIST_KEY_CFBundleDisplayName = "Ponto In Time";
				INFOPLIST_KEY_LSApplicationCategoryType = "public.app-category.utilities";
				INFOPLIST_KEY_UIApplicationSupportsIndirectInputEvents = YES;
				INFOPLIST_KEY_UILaunchStoryboardName = LaunchScreen;
				INFOPLIST_KEY_UISupportedInterfaceOrientations = UIInterfaceOrientationPortrait;
				INFOPLIST_KEY_UISupportedInterfaceOrientations_iPad = "UIInterfaceOrientationPortrait UIInterfaceOrientationPortraitUpsideDown";
				IPHONEOS_DEPLOYMENT_TARGET = 14.5;
				LD_RUNPATH_SEARCH_PATHS = (
					"$(inherited)",
					"@executable_path/Frameworks",
				);
				MARKETING_VERSION = 1.0;
				PRODUCT_BUNDLE_IDENTIFIER = "GUILHERME.REIS.Ponto-In-Time";
				PRODUCT_NAME = "$(TARGET_NAME)";
				SWIFT_EMIT_LOC_STRINGS = YES;
				SWIFT_VERSION = 5.0;
				TARGETED_DEVICE_FAMILY = "1,2";
			};
			name = Debug;
		};
		2283DCC528FE4F92008EE94F /* Release */ = {
			isa = XCBuildConfiguration;
			buildSettings = {
				ASSETCATALOG_COMPILER_APPICON_NAME = AppIcon;
				ASSETCATALOG_COMPILER_GLOBAL_ACCENT_COLOR_NAME = AccentColor;
				CODE_SIGN_STYLE = Automatic;
				CURRENT_PROJECT_VERSION = 1;
				DEVELOPMENT_TEAM = 534V229RMK;
				GENERATE_INFOPLIST_FILE = YES;
				INFOPLIST_FILE = "iOS-App/Info.plist";
				INFOPLIST_KEY_CFBundleDisplayName = "Ponto In Time";
				INFOPLIST_KEY_LSApplicationCategoryType = "public.app-category.utilities";
				INFOPLIST_KEY_UIApplicationSupportsIndirectInputEvents = YES;
				INFOPLIST_KEY_UILaunchStoryboardName = LaunchScreen;
				INFOPLIST_KEY_UISupportedInterfaceOrientations = UIInterfaceOrientationPortrait;
				INFOPLIST_KEY_UISupportedInterfaceOrientations_iPad = "UIInterfaceOrientationPortrait UIInterfaceOrientationPortraitUpsideDown";
				IPHONEOS_DEPLOYMENT_TARGET = 14.5;
				LD_RUNPATH_SEARCH_PATHS = (
					"$(inherited)",
					"@executable_path/Frameworks",
				);
				MARKETING_VERSION = 1.0;
				PRODUCT_BUNDLE_IDENTIFIER = "GUILHERME.REIS.Ponto-In-Time";
				PRODUCT_NAME = "$(TARGET_NAME)";
				SWIFT_EMIT_LOC_STRINGS = YES;
				SWIFT_VERSION = 5.0;
				TARGETED_DEVICE_FAMILY = "1,2";
			};
			name = Release;
		};
/* End XCBuildConfiguration section */

/* Begin XCConfigurationList section */
		2283DCA728FE4F90008EE94F /* Build configuration list for PBXProject "Ponto In Time" */ = {
			isa = XCConfigurationList;
			buildConfigurations = (
				2283DCC128FE4F92008EE94F /* Debug */,
				2283DCC228FE4F92008EE94F /* Release */,
			);
			defaultConfigurationIsVisible = 0;
			defaultConfigurationName = Release;
		};
		2283DCC328FE4F92008EE94F /* Build configuration list for PBXNativeTarget "Ponto In Time" */ = {
			isa = XCConfigurationList;
			buildConfigurations = (
				2283DCC428FE4F92008EE94F /* Debug */,
				2283DCC528FE4F92008EE94F /* Release */,
			);
			defaultConfigurationIsVisible = 0;
			defaultConfigurationName = Release;
		};
/* End XCConfigurationList section */

/* Begin XCVersionGroup section */
		2283DCB828FE4F90008EE94F /* mainDataBase.xcdatamodeld */ = {
			isa = XCVersionGroup;
			children = (
				2283DCB928FE4F90008EE94F /* Ponto_In_Time.xcdatamodel */,
			);
			currentVersion = 2283DCB928FE4F90008EE94F /* Ponto_In_Time.xcdatamodel */;
			path = mainDataBase.xcdatamodeld;
			sourceTree = "<group>";
			versionGroupType = wrapper.xcdatamodel;
		};
/* End XCVersionGroup section */
	};
	rootObject = 2283DCA428FE4F90008EE94F /* Project object */;
}
